
Microsoft Visual Studio Solution File, Format Version 12.00
# Visual Studio 14
VisualStudioVersion = 14.0.25420.1
MinimumVisualStudioVersion = 10.0.40219.1
Project("{FAE04EC0-301F-11D3-BF4B-00C04F79EFBC}") = "AddNamespaceGroups", "AddNamespaceGroups\AddNamespaceGroups.csproj", "{57410D6B-4BA4-400D-A304-1CCE5E571EBA}"
EndProject
Project("{FAE04EC0-301F-11D3-BF4B-00C04F79EFBC}") = "BuildComponentTargets", "BuildAssembler\BuildComponentTargets\BuildComponentTargets.csproj", "{84F8BE08-B5A3-4E5E-BC99-8E5C2351EF62}"
EndProject
Project("{FAE04EC0-301F-11D3-BF4B-00C04F79EFBC}") = "BuildAssembler", "BuildAssembler\BuildAssembler\BuildAssembler.csproj", "{5BA19924-5A65-46E0-97CD-948595932584}"
EndProject
Project("{FAE04EC0-301F-11D3-BF4B-00C04F79EFBC}") = "BuildComponents", "BuildAssembler\BuildComponents\BuildComponents.csproj", "{30773718-BC7C-4FCC-A9C2-7EE61DF4EC41}"
EndProject
Project("{FAE04EC0-301F-11D3-BF4B-00C04F79EFBC}") = "SyntaxComponents", "BuildAssembler\SyntaxComponents\SyntaxComponents.csproj", "{CEAEC85B-973A-4414-8668-723EB65E5088}"
EndProject
Project("{FAE04EC0-301F-11D3-BF4B-00C04F79EFBC}") = "MRefBuilder", "MRefBuilder\MRefBuilder.csproj", "{A8DCAD75-879F-4C97-803B-C9A17F227B04}"
EndProject
Project("{FAE04EC0-301F-11D3-BF4B-00C04F79EFBC}") = "SegregateByNamespace", "SegregateByNamespace\SegregateByNamespace.csproj", "{5EA1AADE-4D33-4C3E-9A00-AA1200031D87}"
EndProject
Project("{FAE04EC0-301F-11D3-BF4B-00C04F79EFBC}") = "VersionBuilder", "VersionBuilder\VersionBuilder.csproj", "{62C554D0-12B0-4B4D-B750-5CEEF1DA97C5}"
EndProject
Project("{FAE04EC0-301F-11D3-BF4B-00C04F79EFBC}") = "XslTransform", "XslTransform\XslTransform.csproj", "{88A4B9E2-AE05-4817-879C-15461DA29761}"
EndProject
Project("{FAE04EC0-301F-11D3-BF4B-00C04F79EFBC}") = "HtmlToMaml", "HtmlToMaml\HtmlToMaml.csproj", "{BF2A51B4-6981-4E40-B971-14A26221DA85}"
EndProject
Project("{FAE04EC0-301F-11D3-BF4B-00C04F79EFBC}") = "WebCodeProviders", "WebCodeProviders\WebCodeProviders.csproj", "{EC6AC183-18B7-4FD3-90F0-91A032BE9C5A}"
EndProject
Project("{FAE04EC0-301F-11D3-BF4B-00C04F79EFBC}") = "Sandcastle.Core", "SandcastleCore\Sandcastle.Core.csproj", "{399E78F8-4954-409E-991A-37DA9D0579CC}"
EndProject
Project("{FAE04EC0-301F-11D3-BF4B-00C04F79EFBC}") = "StandardPresentationStyles", "PresentationStyles\StandardPresentationStyles.csproj", "{70CFBFC8-F047-4FFD-A999-98CC3EB39BD9}"
EndProject
Project("{2150E333-8FDC-42A3-9474-1A3956D46DE8}") = "Solution Items", "Solution Items", "{64C88721-3289-48BE-B2CA-253B4C312BA7}"
	ProjectSection(SolutionItems) = preProject
		.editorconfig = .editorconfig
		SandcastleTools.ruleset = SandcastleTools.ruleset
	EndProjectSection
EndProject
Project("{FAE04EC0-301F-11D3-BF4B-00C04F79EFBC}") = "ReflectionDataManager", "ReflectionDataManager\ReflectionDataManager.csproj", "{1EC585CC-A7BA-4743-A54A-D1457546D03A}"
EndProject
Project("{FAE04EC0-301F-11D3-BF4B-00C04F79EFBC}") = "SandcastleHtmlExtract", "SandcastleHtmlExtract\SandcastleHtmlExtract.csproj", "{8E5E26EC-0352-4597-AD7B-1563C929CE20}"
EndProject
Project("{FAE04EC0-301F-11D3-BF4B-00C04F79EFBC}") = "HelpLibraryManagerLauncher", "HelpLibraryManagerLauncher\HelpLibraryManagerLauncher.csproj", "{318728F4-8A9F-4A33-87F6-6E3A06629C3C}"
EndProject
Project("{FAE04EC0-301F-11D3-BF4B-00C04F79EFBC}") = "GenerateInheritedDocs", "GenerateInheritedDocs\GenerateInheritedDocs.csproj", "{A96308E6-1F59-4378-9605-9D19DF9F697D}"
EndProject
Project("{FAE04EC0-301F-11D3-BF4B-00C04F79EFBC}") = "SandcastleComponents", "SandcastleComponents\SandcastleComponents.csproj", "{9708B799-DC83-4404-B8C6-FA444C310DCD}"
EndProject
Project("{2150E333-8FDC-42A3-9474-1A3956D46DE8}") = ".nuget", ".nuget", "{B4BBD56C-9E31-4B27-A93A-306CB4EBCA2F}"
	ProjectSection(SolutionItems) = preProject
		.nuget\NuGet.Config = .nuget\NuGet.Config
	EndProjectSection
EndProject
Global
	GlobalSection(SolutionConfigurationPlatforms) = preSolution
		Debug|Any CPU = Debug|Any CPU
		Debug|x86 = Debug|x86
		Release|Any CPU = Release|Any CPU
		Release|x86 = Release|x86
	EndGlobalSection
	GlobalSection(ProjectConfigurationPlatforms) = postSolution
		{57410D6B-4BA4-400D-A304-1CCE5E571EBA}.Debug|Any CPU.ActiveCfg = Debug|Any CPU
		{57410D6B-4BA4-400D-A304-1CCE5E571EBA}.Debug|Any CPU.Build.0 = Debug|Any CPU
		{57410D6B-4BA4-400D-A304-1CCE5E571EBA}.Debug|x86.ActiveCfg = Debug|x86
		{57410D6B-4BA4-400D-A304-1CCE5E571EBA}.Debug|x86.Build.0 = Debug|x86
		{57410D6B-4BA4-400D-A304-1CCE5E571EBA}.Release|Any CPU.ActiveCfg = Release|Any CPU
		{57410D6B-4BA4-400D-A304-1CCE5E571EBA}.Release|Any CPU.Build.0 = Release|Any CPU
		{57410D6B-4BA4-400D-A304-1CCE5E571EBA}.Release|x86.ActiveCfg = Release|x86
		{57410D6B-4BA4-400D-A304-1CCE5E571EBA}.Release|x86.Build.0 = Release|x86
		{84F8BE08-B5A3-4E5E-BC99-8E5C2351EF62}.Debug|Any CPU.ActiveCfg = Debug|Any CPU
		{84F8BE08-B5A3-4E5E-BC99-8E5C2351EF62}.Debug|Any CPU.Build.0 = Debug|Any CPU
		{84F8BE08-B5A3-4E5E-BC99-8E5C2351EF62}.Debug|x86.ActiveCfg = Debug|Any CPU
		{84F8BE08-B5A3-4E5E-BC99-8E5C2351EF62}.Release|Any CPU.ActiveCfg = Release|Any CPU
		{84F8BE08-B5A3-4E5E-BC99-8E5C2351EF62}.Release|Any CPU.Build.0 = Release|Any CPU
		{84F8BE08-B5A3-4E5E-BC99-8E5C2351EF62}.Release|x86.ActiveCfg = Release|Any CPU
		{5BA19924-5A65-46E0-97CD-948595932584}.Debug|Any CPU.ActiveCfg = Debug|Any CPU
		{5BA19924-5A65-46E0-97CD-948595932584}.Debug|Any CPU.Build.0 = Debug|Any CPU
		{5BA19924-5A65-46E0-97CD-948595932584}.Debug|x86.ActiveCfg = Debug|Any CPU
		{5BA19924-5A65-46E0-97CD-948595932584}.Release|Any CPU.ActiveCfg = Release|Any CPU
		{5BA19924-5A65-46E0-97CD-948595932584}.Release|Any CPU.Build.0 = Release|Any CPU
		{5BA19924-5A65-46E0-97CD-948595932584}.Release|x86.ActiveCfg = Release|Any CPU
		{30773718-BC7C-4FCC-A9C2-7EE61DF4EC41}.Debug|Any CPU.ActiveCfg = Debug|Any CPU
		{30773718-BC7C-4FCC-A9C2-7EE61DF4EC41}.Debug|Any CPU.Build.0 = Debug|Any CPU
		{30773718-BC7C-4FCC-A9C2-7EE61DF4EC41}.Debug|x86.ActiveCfg = Debug|Any CPU
		{30773718-BC7C-4FCC-A9C2-7EE61DF4EC41}.Release|Any CPU.ActiveCfg = Release|Any CPU
		{30773718-BC7C-4FCC-A9C2-7EE61DF4EC41}.Release|Any CPU.Build.0 = Release|Any CPU
		{30773718-BC7C-4FCC-A9C2-7EE61DF4EC41}.Release|x86.ActiveCfg = Release|Any CPU
		{CEAEC85B-973A-4414-8668-723EB65E5088}.Debug|Any CPU.ActiveCfg = Debug|Any CPU
		{CEAEC85B-973A-4414-8668-723EB65E5088}.Debug|Any CPU.Build.0 = Debug|Any CPU
		{CEAEC85B-973A-4414-8668-723EB65E5088}.Debug|x86.ActiveCfg = Debug|Any CPU
		{CEAEC85B-973A-4414-8668-723EB65E5088}.Release|Any CPU.ActiveCfg = Release|Any CPU
		{CEAEC85B-973A-4414-8668-723EB65E5088}.Release|Any CPU.Build.0 = Release|Any CPU
		{CEAEC85B-973A-4414-8668-723EB65E5088}.Release|x86.ActiveCfg = Release|Any CPU
		{A8DCAD75-879F-4C97-803B-C9A17F227B04}.Debug|Any CPU.ActiveCfg = Debug|Any CPU
		{A8DCAD75-879F-4C97-803B-C9A17F227B04}.Debug|Any CPU.Build.0 = Debug|Any CPU
		{A8DCAD75-879F-4C97-803B-C9A17F227B04}.Debug|x86.ActiveCfg = Debug|Any CPU
		{A8DCAD75-879F-4C97-803B-C9A17F227B04}.Release|Any CPU.ActiveCfg = Release|Any CPU
		{A8DCAD75-879F-4C97-803B-C9A17F227B04}.Release|Any CPU.Build.0 = Release|Any CPU
		{A8DCAD75-879F-4C97-803B-C9A17F227B04}.Release|x86.ActiveCfg = Release|Any CPU
		{5EA1AADE-4D33-4C3E-9A00-AA1200031D87}.Debug|Any CPU.ActiveCfg = Debug|Any CPU
		{5EA1AADE-4D33-4C3E-9A00-AA1200031D87}.Debug|Any CPU.Build.0 = Debug|Any CPU
		{5EA1AADE-4D33-4C3E-9A00-AA1200031D87}.Debug|x86.ActiveCfg = Debug|x86
		{5EA1AADE-4D33-4C3E-9A00-AA1200031D87}.Debug|x86.Build.0 = Debug|x86
		{5EA1AADE-4D33-4C3E-9A00-AA1200031D87}.Release|Any CPU.ActiveCfg = Release|Any CPU
		{5EA1AADE-4D33-4C3E-9A00-AA1200031D87}.Release|Any CPU.Build.0 = Release|Any CPU
		{5EA1AADE-4D33-4C3E-9A00-AA1200031D87}.Release|x86.ActiveCfg = Release|x86
		{5EA1AADE-4D33-4C3E-9A00-AA1200031D87}.Release|x86.Build.0 = Release|x86
		{62C554D0-12B0-4B4D-B750-5CEEF1DA97C5}.Debug|Any CPU.ActiveCfg = Debug|Any CPU
		{62C554D0-12B0-4B4D-B750-5CEEF1DA97C5}.Debug|Any CPU.Build.0 = Debug|Any CPU
		{62C554D0-12B0-4B4D-B750-5CEEF1DA97C5}.Debug|x86.ActiveCfg = Debug|x86
		{62C554D0-12B0-4B4D-B750-5CEEF1DA97C5}.Debug|x86.Build.0 = Debug|x86
		{62C554D0-12B0-4B4D-B750-5CEEF1DA97C5}.Release|Any CPU.ActiveCfg = Release|Any CPU
		{62C554D0-12B0-4B4D-B750-5CEEF1DA97C5}.Release|Any CPU.Build.0 = Release|Any CPU
		{62C554D0-12B0-4B4D-B750-5CEEF1DA97C5}.Release|x86.ActiveCfg = Release|x86
		{62C554D0-12B0-4B4D-B750-5CEEF1DA97C5}.Release|x86.Build.0 = Release|x86
		{88A4B9E2-AE05-4817-879C-15461DA29761}.Debug|Any CPU.ActiveCfg = Debug|Any CPU
		{88A4B9E2-AE05-4817-879C-15461DA29761}.Debug|Any CPU.Build.0 = Debug|Any CPU
		{88A4B9E2-AE05-4817-879C-15461DA29761}.Debug|x86.ActiveCfg = Debug|Any CPU
		{88A4B9E2-AE05-4817-879C-15461DA29761}.Release|Any CPU.ActiveCfg = Release|Any CPU
		{88A4B9E2-AE05-4817-879C-15461DA29761}.Release|Any CPU.Build.0 = Release|Any CPU
		{88A4B9E2-AE05-4817-879C-15461DA29761}.Release|x86.ActiveCfg = Release|Any CPU
		{BF2A51B4-6981-4E40-B971-14A26221DA85}.Debug|Any CPU.ActiveCfg = Debug|Any CPU
		{BF2A51B4-6981-4E40-B971-14A26221DA85}.Debug|Any CPU.Build.0 = Debug|Any CPU
		{BF2A51B4-6981-4E40-B971-14A26221DA85}.Debug|x86.ActiveCfg = Debug|Any CPU
		{BF2A51B4-6981-4E40-B971-14A26221DA85}.Release|Any CPU.ActiveCfg = Release|Any CPU
		{BF2A51B4-6981-4E40-B971-14A26221DA85}.Release|Any CPU.Build.0 = Release|Any CPU
		{BF2A51B4-6981-4E40-B971-14A26221DA85}.Release|x86.ActiveCfg = Release|Any CPU
		{EC6AC183-18B7-4FD3-90F0-91A032BE9C5A}.Debug|Any CPU.ActiveCfg = Debug|Any CPU
		{EC6AC183-18B7-4FD3-90F0-91A032BE9C5A}.Debug|Any CPU.Build.0 = Debug|Any CPU
		{EC6AC183-18B7-4FD3-90F0-91A032BE9C5A}.Debug|x86.ActiveCfg = Debug|Any CPU
		{EC6AC183-18B7-4FD3-90F0-91A032BE9C5A}.Release|Any CPU.ActiveCfg = Release|Any CPU
		{EC6AC183-18B7-4FD3-90F0-91A032BE9C5A}.Release|Any CPU.Build.0 = Release|Any CPU
		{EC6AC183-18B7-4FD3-90F0-91A032BE9C5A}.Release|x86.ActiveCfg = Release|Any CPU
		{399E78F8-4954-409E-991A-37DA9D0579CC}.Debug|Any CPU.ActiveCfg = Debug|Any CPU
		{399E78F8-4954-409E-991A-37DA9D0579CC}.Debug|Any CPU.Build.0 = Debug|Any CPU
		{399E78F8-4954-409E-991A-37DA9D0579CC}.Debug|x86.ActiveCfg = Debug|Any CPU
		{399E78F8-4954-409E-991A-37DA9D0579CC}.Release|Any CPU.ActiveCfg = Release|Any CPU
		{399E78F8-4954-409E-991A-37DA9D0579CC}.Release|Any CPU.Build.0 = Release|Any CPU
		{399E78F8-4954-409E-991A-37DA9D0579CC}.Release|x86.ActiveCfg = Release|Any CPU
		{70CFBFC8-F047-4FFD-A999-98CC3EB39BD9}.Debug|Any CPU.ActiveCfg = Debug|Any CPU
		{70CFBFC8-F047-4FFD-A999-98CC3EB39BD9}.Debug|Any CPU.Build.0 = Debug|Any CPU
		{70CFBFC8-F047-4FFD-A999-98CC3EB39BD9}.Debug|x86.ActiveCfg = Debug|Any CPU
		{70CFBFC8-F047-4FFD-A999-98CC3EB39BD9}.Release|Any CPU.ActiveCfg = Release|Any CPU
		{70CFBFC8-F047-4FFD-A999-98CC3EB39BD9}.Release|Any CPU.Build.0 = Release|Any CPU
		{70CFBFC8-F047-4FFD-A999-98CC3EB39BD9}.Release|x86.ActiveCfg = Release|Any CPU
		{1EC585CC-A7BA-4743-A54A-D1457546D03A}.Debug|Any CPU.ActiveCfg = Debug|Any CPU
		{1EC585CC-A7BA-4743-A54A-D1457546D03A}.Debug|Any CPU.Build.0 = Debug|Any CPU
		{1EC585CC-A7BA-4743-A54A-D1457546D03A}.Debug|x86.ActiveCfg = Debug|Any CPU
		{1EC585CC-A7BA-4743-A54A-D1457546D03A}.Release|Any CPU.ActiveCfg = Release|Any CPU
		{1EC585CC-A7BA-4743-A54A-D1457546D03A}.Release|Any CPU.Build.0 = Release|Any CPU
		{1EC585CC-A7BA-4743-A54A-D1457546D03A}.Release|x86.ActiveCfg = Release|Any CPU
		{8E5E26EC-0352-4597-AD7B-1563C929CE20}.Debug|Any CPU.ActiveCfg = Debug|Any CPU
		{8E5E26EC-0352-4597-AD7B-1563C929CE20}.Debug|Any CPU.Build.0 = Debug|Any CPU
		{8E5E26EC-0352-4597-AD7B-1563C929CE20}.Debug|x86.ActiveCfg = Debug|Any CPU
		{8E5E26EC-0352-4597-AD7B-1563C929CE20}.Release|Any CPU.ActiveCfg = Release|Any CPU
		{8E5E26EC-0352-4597-AD7B-1563C929CE20}.Release|Any CPU.Build.0 = Release|Any CPU
		{8E5E26EC-0352-4597-AD7B-1563C929CE20}.Release|x86.ActiveCfg = Release|Any CPU
		{318728F4-8A9F-4A33-87F6-6E3A06629C3C}.Debug|Any CPU.ActiveCfg = Debug|Any CPU
		{318728F4-8A9F-4A33-87F6-6E3A06629C3C}.Debug|Any CPU.Build.0 = Debug|Any CPU
		{318728F4-8A9F-4A33-87F6-6E3A06629C3C}.Debug|x86.ActiveCfg = Debug|Any CPU
		{318728F4-8A9F-4A33-87F6-6E3A06629C3C}.Release|Any CPU.ActiveCfg = Release|Any CPU
		{318728F4-8A9F-4A33-87F6-6E3A06629C3C}.Release|Any CPU.Build.0 = Release|Any CPU
		{318728F4-8A9F-4A33-87F6-6E3A06629C3C}.Release|x86.ActiveCfg = Release|Any CPU
		{A96308E6-1F59-4378-9605-9D19DF9F697D}.Debug|Any CPU.ActiveCfg = Debug|Any CPU
		{A96308E6-1F59-4378-9605-9D19DF9F697D}.Debug|Any CPU.Build.0 = Debug|Any CPU
		{A96308E6-1F59-4378-9605-9D19DF9F697D}.Debug|x86.ActiveCfg = Debug|Any CPU
		{A96308E6-1F59-4378-9605-9D19DF9F697D}.Release|Any CPU.ActiveCfg = Release|Any CPU
		{A96308E6-1F59-4378-9605-9D19DF9F697D}.Release|Any CPU.Build.0 = Release|Any CPU
		{A96308E6-1F59-4378-9605-9D19DF9F697D}.Release|x86.ActiveCfg = Release|Any CPU
		{9708B799-DC83-4404-B8C6-FA444C310DCD}.Debug|Any CPU.ActiveCfg = Debug|Any CPU
		{9708B799-DC83-4404-B8C6-FA444C310DCD}.Debug|Any CPU.Build.0 = Debug|Any CPU
		{9708B799-DC83-4404-B8C6-FA444C310DCD}.Debug|x86.ActiveCfg = Debug|Any CPU
		{9708B799-DC83-4404-B8C6-FA444C310DCD}.Release|Any CPU.ActiveCfg = Release|Any CPU
		{9708B799-DC83-4404-B8C6-FA444C310DCD}.Release|Any CPU.Build.0 = Release|Any CPU
		{9708B799-DC83-4404-B8C6-FA444C310DCD}.Release|x86.ActiveCfg = Release|Any CPU
	EndGlobalSection
	GlobalSection(SolutionProperties) = preSolution
		HideSolutionNode = FALSE
	EndGlobalSection
EndGlobal
