
Microsoft Visual Studio Solution File, Format Version 11.00
# Visual Studio 2010
Project("{FAE04EC0-301F-11D3-BF4B-00C04F79EFBC}") = "SandcastleBuilderPackage", "SandcastleBuilderPackage\SandcastleBuilderPackage.csproj", "{242129CC-9310-450C-AEE3-4B849ECFB67E}"
	ProjectSection(ProjectDependencies) = postProject
		{72331A21-C452-4BE4-BFDB-B8029A6BC1C0} = {72331A21-C452-4BE4-BFDB-B8029A6BC1C0}
	EndProjectSection
EndProject
Project("{FAE04EC0-301F-11D3-BF4B-00C04F79EFBC}") = "Microsoft.VisualStudio.Project", "MPFProj_VS2010\Microsoft.VisualStudio.Project.csproj", "{CACB60A9-1E76-4F92-8831-B134A658C695}"
EndProject
Project("{FAE04EC0-301F-11D3-BF4B-00C04F79EFBC}") = "SandcastleBuilderUtils", "SandcastleBuilderUtils\SandcastleBuilderUtils.csproj", "{330DADF7-3AB1-49A0-B3C6-A69D2C4F06A6}"
EndProject
Project("{FAE04EC0-301F-11D3-BF4B-00C04F79EFBC}") = "ColorizerLibrary", "CodeColorizer\ColorizerLibrary\ColorizerLibrary.csproj", "{72331A21-C452-4BE4-BFDB-B8029A6BC1C0}"
EndProject
Project("{FAE04EC0-301F-11D3-BF4B-00C04F79EFBC}") = "SandcastleBuilderWPF", "SandcastleBuilderWPF\SandcastleBuilderWPF.csproj", "{D3B06405-3435-4329-9233-2DF1BF5028AA}"
EndProject
Project("{2150E333-8FDC-42A3-9474-1A3956D46DE8}") = "Solution Items", "Solution Items", "{18E78114-EAFB-4D8D-B0CC-0723468D3181}"
	ProjectSection(SolutionItems) = preProject
		SandcastleBuilderPackage.FxCop = SandcastleBuilderPackage.FxCop
	EndProjectSection
EndProject
Project("{FAE04EC0-301F-11D3-BF4B-00C04F79EFBC}") = "Sandcastle.Core", "SandcastleCore\Sandcastle.Core.csproj", "{399E78F8-4954-409E-991A-37DA9D0579CC}"
EndProject
Global
	GlobalSection(SolutionConfigurationPlatforms) = preSolution
		Debug|Any CPU = Debug|Any CPU
		Release|Any CPU = Release|Any CPU
	EndGlobalSection
	GlobalSection(ProjectConfigurationPlatforms) = postSolution
		{242129CC-9310-450C-AEE3-4B849ECFB67E}.Debug|Any CPU.ActiveCfg = Debug|Any CPU
		{242129CC-9310-450C-AEE3-4B849ECFB67E}.Debug|Any CPU.Build.0 = Debug|Any CPU
		{242129CC-9310-450C-AEE3-4B849ECFB67E}.Release|Any CPU.ActiveCfg = Release|Any CPU
		{242129CC-9310-450C-AEE3-4B849ECFB67E}.Release|Any CPU.Build.0 = Release|Any CPU
		{CACB60A9-1E76-4F92-8831-B134A658C695}.Debug|Any CPU.ActiveCfg = Debug|Any CPU
		{CACB60A9-1E76-4F92-8831-B134A658C695}.Debug|Any CPU.Build.0 = Debug|Any CPU
		{CACB60A9-1E76-4F92-8831-B134A658C695}.Release|Any CPU.ActiveCfg = Release|Any CPU
		{CACB60A9-1E76-4F92-8831-B134A658C695}.Release|Any CPU.Build.0 = Release|Any CPU
		{330DADF7-3AB1-49A0-B3C6-A69D2C4F06A6}.Debug|Any CPU.ActiveCfg = Debug|Any CPU
		{330DADF7-3AB1-49A0-B3C6-A69D2C4F06A6}.Debug|Any CPU.Build.0 = Debug|Any CPU
		{330DADF7-3AB1-49A0-B3C6-A69D2C4F06A6}.Release|Any CPU.ActiveCfg = Release|Any CPU
		{330DADF7-3AB1-49A0-B3C6-A69D2C4F06A6}.Release|Any CPU.Build.0 = Release|Any CPU
		{72331A21-C452-4BE4-BFDB-B8029A6BC1C0}.Debug|Any CPU.ActiveCfg = Debug|Any CPU
		{72331A21-C452-4BE4-BFDB-B8029A6BC1C0}.Debug|Any CPU.Build.0 = Debug|Any CPU
		{72331A21-C452-4BE4-BFDB-B8029A6BC1C0}.Release|Any CPU.ActiveCfg = Release|Any CPU
		{72331A21-C452-4BE4-BFDB-B8029A6BC1C0}.Release|Any CPU.Build.0 = Release|Any CPU
		{D3B06405-3435-4329-9233-2DF1BF5028AA}.Debug|Any CPU.ActiveCfg = Debug|Any CPU
		{D3B06405-3435-4329-9233-2DF1BF5028AA}.Debug|Any CPU.Build.0 = Debug|Any CPU
		{D3B06405-3435-4329-9233-2DF1BF5028AA}.Release|Any CPU.ActiveCfg = Release|Any CPU
		{D3B06405-3435-4329-9233-2DF1BF5028AA}.Release|Any CPU.Build.0 = Release|Any CPU
		{399E78F8-4954-409E-991A-37DA9D0579CC}.Debug|Any CPU.ActiveCfg = Debug|Any CPU
		{399E78F8-4954-409E-991A-37DA9D0579CC}.Debug|Any CPU.Build.0 = Debug|Any CPU
		{399E78F8-4954-409E-991A-37DA9D0579CC}.Release|Any CPU.ActiveCfg = Release|Any CPU
		{399E78F8-4954-409E-991A-37DA9D0579CC}.Release|Any CPU.Build.0 = Release|Any CPU
	EndGlobalSection
	GlobalSection(SolutionProperties) = preSolution
		HideSolutionNode = FALSE
	EndGlobalSection
EndGlobal
