
Microsoft Visual Studio Solution File, Format Version 12.00
# Visual Studio Version 17
VisualStudioVersion = 17.0.31612.314
MinimumVisualStudioVersion = 10.0.40219.1
Project("{FAE04EC0-301F-11D3-BF4B-00C04F79EFBC}") = "SandcastleBuilderPackage_VS2022", "VSIX_VS2022\SandcastleBuilderPackage_VS2022.csproj", "{242129CC-9310-450C-AEE3-4B849ECFB67E}"
	ProjectSection(ProjectDependencies) = postProject
		{72331A21-C452-4BE4-BFDB-B8029A6BC1C0} = {72331A21-C452-4BE4-BFDB-B8029A6BC1C0}
	EndProjectSection
EndProject
Project("{FAE04EC0-301F-11D3-BF4B-00C04F79EFBC}") = "Microsoft.VisualStudio.Project_VS2022", "MPFProj_VS2022\Microsoft.VisualStudio.Project_VS2022.csproj", "{CACB60A9-1E76-4F92-8831-B134A658C695}"
EndProject
Project("{9A19103F-16F7-4668-BE54-9A1E7A4F7556}") = "SandcastleBuilderUtils", "SandcastleBuilderUtils\SandcastleBuilderUtils.csproj", "{330DADF7-3AB1-49A0-B3C6-A69D2C4F06A6}"
EndProject
Project("{9A19103F-16F7-4668-BE54-9A1E7A4F7556}") = "ColorizerLibrary", "CodeColorizer\ColorizerLibrary\ColorizerLibrary.csproj", "{72331A21-C452-4BE4-BFDB-B8029A6BC1C0}"
EndProject
Project("{9A19103F-16F7-4668-BE54-9A1E7A4F7556}") = "SandcastleCore", "SandcastleCore\SandcastleCore.csproj", "{399E78F8-4954-409E-991A-37DA9D0579CC}"
EndProject
Project("{2150E333-8FDC-42A3-9474-1A3956D46DE8}") = "Solution Items", "Solution Items", "{87F7C3A5-F8CC-4DF0-9F82-E8F99E507E6C}"
	ProjectSection(SolutionItems) = preProject
		..\..\.editorconfig = ..\..\.editorconfig
		..\..\IgnoredWords.dic = ..\..\IgnoredWords.dic
		SandcastleTools.ruleset = SandcastleTools.ruleset
	EndProjectSection
EndProject
Project("{9A19103F-16F7-4668-BE54-9A1E7A4F7556}") = "SandcastlePlatformWindows", "SandcastlePlatformWindows\SandcastlePlatformWindows.csproj", "{3464677B-467D-4A35-BAF4-543FB5FA9D66}"
EndProject
Project("{9A19103F-16F7-4668-BE54-9A1E7A4F7556}") = "SandcastleBuilderWPF_VS2022", "SandcastleBuilderWPF\SandcastleBuilderWPF_VS2022.csproj", "{AE0DE2CE-2185-4740-B834-4923A375F591}"
EndProject
Project("{D954291E-2A0B-460D-934E-DC6B0785DB48}") = "Microsoft.VisualStudio.Project.Shared", "MPFProj_Shared\Microsoft.VisualStudio.Project.Shared.shproj", "{1653AC9E-7AF2-4E59-97BF-66131660AF89}"
EndProject
Project("{D954291E-2A0B-460D-934E-DC6B0785DB48}") = "SandcastleBuilderPackage.Shared", "VSIX_Shared\SandcastleBuilderPackage.Shared.shproj", "{8CF3B55A-1D94-4DFA-8FA8-FF7DE35E0CDD}"
EndProject
Global
	GlobalSection(SolutionConfigurationPlatforms) = preSolution
		Debug|Any CPU = Debug|Any CPU
		Release|Any CPU = Release|Any CPU
	EndGlobalSection
	GlobalSection(ProjectConfigurationPlatforms) = postSolution
		{242129CC-9310-450C-AEE3-4B849ECFB67E}.Debug|Any CPU.ActiveCfg = Debug|Any CPU
		{242129CC-9310-450C-AEE3-4B849ECFB67E}.Debug|Any CPU.Build.0 = Debug|Any CPU
		{242129CC-9310-450C-AEE3-4B849ECFB67E}.Release|Any CPU.ActiveCfg = Release|Any CPU
		{242129CC-9310-450C-AEE3-4B849ECFB67E}.Release|Any CPU.Build.0 = Release|Any CPU
		{CACB60A9-1E76-4F92-8831-B134A658C695}.Debug|Any CPU.ActiveCfg = Debug|Any CPU
		{CACB60A9-1E76-4F92-8831-B134A658C695}.Debug|Any CPU.Build.0 = Debug|Any CPU
		{CACB60A9-1E76-4F92-8831-B134A658C695}.Release|Any CPU.ActiveCfg = Release|Any CPU
		{CACB60A9-1E76-4F92-8831-B134A658C695}.Release|Any CPU.Build.0 = Release|Any CPU
		{330DADF7-3AB1-49A0-B3C6-A69D2C4F06A6}.Debug|Any CPU.ActiveCfg = Debug|Any CPU
		{330DADF7-3AB1-49A0-B3C6-A69D2C4F06A6}.Debug|Any CPU.Build.0 = Debug|Any CPU
		{330DADF7-3AB1-49A0-B3C6-A69D2C4F06A6}.Release|Any CPU.ActiveCfg = Release|Any CPU
		{330DADF7-3AB1-49A0-B3C6-A69D2C4F06A6}.Release|Any CPU.Build.0 = Release|Any CPU
		{72331A21-C452-4BE4-BFDB-B8029A6BC1C0}.Debug|Any CPU.ActiveCfg = Debug|Any CPU
		{72331A21-C452-4BE4-BFDB-B8029A6BC1C0}.Debug|Any CPU.Build.0 = Debug|Any CPU
		{72331A21-C452-4BE4-BFDB-B8029A6BC1C0}.Release|Any CPU.ActiveCfg = Release|Any CPU
		{72331A21-C452-4BE4-BFDB-B8029A6BC1C0}.Release|Any CPU.Build.0 = Release|Any CPU
		{399E78F8-4954-409E-991A-37DA9D0579CC}.Debug|Any CPU.ActiveCfg = Debug|Any CPU
		{399E78F8-4954-409E-991A-37DA9D0579CC}.Debug|Any CPU.Build.0 = Debug|Any CPU
		{399E78F8-4954-409E-991A-37DA9D0579CC}.Release|Any CPU.ActiveCfg = Release|Any CPU
		{399E78F8-4954-409E-991A-37DA9D0579CC}.Release|Any CPU.Build.0 = Release|Any CPU
		{3464677B-467D-4A35-BAF4-543FB5FA9D66}.Debug|Any CPU.ActiveCfg = Debug|Any CPU
		{3464677B-467D-4A35-BAF4-543FB5FA9D66}.Debug|Any CPU.Build.0 = Debug|Any CPU
		{3464677B-467D-4A35-BAF4-543FB5FA9D66}.Release|Any CPU.ActiveCfg = Release|Any CPU
		{3464677B-467D-4A35-BAF4-543FB5FA9D66}.Release|Any CPU.Build.0 = Release|Any CPU
		{AE0DE2CE-2185-4740-B834-4923A375F591}.Debug|Any CPU.ActiveCfg = Debug|Any CPU
		{AE0DE2CE-2185-4740-B834-4923A375F591}.Debug|Any CPU.Build.0 = Debug|Any CPU
		{AE0DE2CE-2185-4740-B834-4923A375F591}.Release|Any CPU.ActiveCfg = Release|Any CPU
		{AE0DE2CE-2185-4740-B834-4923A375F591}.Release|Any CPU.Build.0 = Release|Any CPU
	EndGlobalSection
	GlobalSection(SolutionProperties) = preSolution
		HideSolutionNode = FALSE
	EndGlobalSection
	GlobalSection(ExtensibilityGlobals) = postSolution
		SolutionGuid = {5BD2059C-4BA8-447F-B138-E59A562EC687}
	EndGlobalSection
	GlobalSection(SharedMSBuildProjectFiles) = preSolution
		MPFProj_Shared\Microsoft.VisualStudio.Project.Shared.projitems*{1653ac9e-7af2-4e59-97bf-66131660af89}*SharedItemsImports = 13
		VSIX_Shared\SandcastleBuilderPackage.Shared.projitems*{242129cc-9310-450c-aee3-4b849ecfb67e}*SharedItemsImports = 4
		VSIX_Shared\SandcastleBuilderPackage.Shared.projitems*{8cf3b55a-1d94-4dfa-8fa8-ff7de35e0cdd}*SharedItemsImports = 13
		MPFProj_Shared\Microsoft.VisualStudio.Project.Shared.projitems*{cacb60a9-1e76-4f92-8831-b134a658c695}*SharedItemsImports = 4
	EndGlobalSection
EndGlobal
