
Microsoft Visual Studio Solution File, Format Version 12.00
# Visual Studio Version 16
VisualStudioVersion = 16.0.31205.134
MinimumVisualStudioVersion = 10.0.40219.1
Project("{9A19103F-16F7-4668-BE54-9A1E7A4F7556}") = "DotNetStandardTestCases", "DotNetStandardTestCases.csproj", "{971ECB14-BED3-4024-81EF-3456A7226198}"
EndProject
Global
	GlobalSection(SolutionConfigurationPlatforms) = preSolution
		Debug|Any CPU = Debug|Any CPU
		Release|Any CPU = Release|Any CPU
	EndGlobalSection
	GlobalSection(ProjectConfigurationPlatforms) = postSolution
		{971ECB14-BED3-4024-81EF-3456A7226198}.Debug|Any CPU.ActiveCfg = Debug|Any CPU
		{971ECB14-BED3-4024-81EF-3456A7226198}.Debug|Any CPU.Build.0 = Debug|Any CPU
		{971ECB14-BED3-4024-81EF-3456A7226198}.Release|Any CPU.ActiveCfg = Release|Any CPU
		{971ECB14-BED3-4024-81EF-3456A7226198}.Release|Any CPU.Build.0 = Release|Any CPU
	EndGlobalSection
	GlobalSection(SolutionProperties) = preSolution
		HideSolutionNode = FALSE
	EndGlobalSection
	GlobalSection(ExtensibilityGlobals) = postSolution
		SolutionGuid = {F9038DB4-44AD-42B3-95BF-B0F4B4F1FC10}
	EndGlobalSection
EndGlobal
