
Microsoft Visual Studio Solution File, Format Version 11.00
# Visual Studio 2010
Project("{7CF6DF6D-3B04-46F8-A40B-537D21BCA0B4}") = "SandcastleTools", "SandcastleTools.shfbproj", "{16E6EFF1-928E-4130-AA59-C493E35F5DD8}"
EndProject
Global
	GlobalSection(SolutionConfigurationPlatforms) = preSolution
		Debug|Any CPU = Debug|Any CPU
		Release|Any CPU = Release|Any CPU
	EndGlobalSection
	GlobalSection(ProjectConfigurationPlatforms) = postSolution
		{16E6EFF1-928E-4130-AA59-C493E35F5DD8}.Debug|Any CPU.ActiveCfg = Debug|Any CPU
		{16E6EFF1-928E-4130-AA59-C493E35F5DD8}.Debug|Any CPU.Build.0 = Debug|Any CPU
		{16E6EFF1-928E-4130-AA59-C493E35F5DD8}.Release|Any CPU.ActiveCfg = Release|Any CPU
		{16E6EFF1-928E-4130-AA59-C493E35F5DD8}.Release|Any CPU.Build.0 = Release|Any CPU
	EndGlobalSection
	GlobalSection(SolutionProperties) = preSolution
		HideSolutionNode = FALSE
	EndGlobalSection
EndGlobal
