
Microsoft Visual Studio Solution File, Format Version 11.00
# Visual Studio 2010
Project("{7CF6DF6D-3B04-46F8-A40B-537D21BCA0B4}") = "TestCaseProject", "TestCaseProject.shfbproj", "{538D8A1F-3A67-4E72-AF21-6C51458543D5}"
EndProject
Global
	GlobalSection(TeamFoundationVersionControl) = preSolution
		SccNumberOfProjects = 2
		SccEnterpriseProvider = {4CA58AB2-18FA-4F8D-95D4-32DDF27D184C}
		SccTeamFoundationServer = https://tfs.codeplex.com/tfs/tfs01
		SccProjectUniqueName0 = TestCaseProject.shfbproj
		SccLocalPath0 = .
		SccLocalPath1 = .
	EndGlobalSection
	GlobalSection(SolutionConfigurationPlatforms) = preSolution
		Debug|Any CPU = Debug|Any CPU
		Release|Any CPU = Release|Any CPU
	EndGlobalSection
	GlobalSection(ProjectConfigurationPlatforms) = postSolution
		{538D8A1F-3A67-4E72-AF21-6C51458543D5}.Debug|Any CPU.ActiveCfg = Debug|Any CPU
		{538D8A1F-3A67-4E72-AF21-6C51458543D5}.Debug|Any CPU.Build.0 = Debug|Any CPU
		{538D8A1F-3A67-4E72-AF21-6C51458543D5}.Release|Any CPU.ActiveCfg = Release|Any CPU
		{538D8A1F-3A67-4E72-AF21-6C51458543D5}.Release|Any CPU.Build.0 = Release|Any CPU
	EndGlobalSection
	GlobalSection(SolutionProperties) = preSolution
		HideSolutionNode = FALSE
	EndGlobalSection
EndGlobal
