
Microsoft Visual Studio Solution File, Format Version 12.00
# Visual Studio Version 16
VisualStudioVersion = 16.0.31105.61
MinimumVisualStudioVersion = 10.0.40219.1
Project("{FAE04EC0-301F-11D3-BF4B-00C04F79EFBC}") = "SandcastleHtmlExtract", "SandcastleHtmlExtract.csproj", "{8E5E26EC-0352-4597-AD7B-1563C929CE20}"
EndProject
Project("{2150E333-8FDC-42A3-9474-1A3956D46DE8}") = "Solution Items", "Solution Items", "{65C8FF6E-F4FB-4852-84A5-41DE0EF647C6}"
	ProjectSection(SolutionItems) = preProject
		NuGet.config = NuGet.config
		SandcastleHtmlExtract.sln.vsspell = SandcastleHtmlExtract.sln.vsspell
	EndProjectSection
EndProject
Global
	GlobalSection(SolutionConfigurationPlatforms) = preSolution
		Debug|Any CPU = Debug|Any CPU
		Release|Any CPU = Release|Any CPU
	EndGlobalSection
	GlobalSection(ProjectConfigurationPlatforms) = postSolution
		{8E5E26EC-0352-4597-AD7B-1563C929CE20}.Debug|Any CPU.ActiveCfg = Debug|Any CPU
		{8E5E26EC-0352-4597-AD7B-1563C929CE20}.Debug|Any CPU.Build.0 = Debug|Any CPU
		{8E5E26EC-0352-4597-AD7B-1563C929CE20}.Release|Any CPU.ActiveCfg = Release|Any CPU
		{8E5E26EC-0352-4597-AD7B-1563C929CE20}.Release|Any CPU.Build.0 = Release|Any CPU
	EndGlobalSection
	GlobalSection(SolutionProperties) = preSolution
		HideSolutionNode = FALSE
	EndGlobalSection
	GlobalSection(ExtensibilityGlobals) = postSolution
		SolutionGuid = {0E78D1AA-041C-45E4-97EA-0EEBEE5C2DC5}
	EndGlobalSection
EndGlobal
