
Microsoft Visual Studio Solution File, Format Version 11.00
# Visual Studio 2010
Project("{7CF6DF6D-3B04-46F8-A40B-537D21BCA0B4}") = "MAMLGuide", "MAMLGuide.shfbproj", "{979656C9-42E5-4C2E-A7B0-9D355A2BD652}"
EndProject
Global
	GlobalSection(SolutionConfigurationPlatforms) = preSolution
		Debug|Any CPU = Debug|Any CPU
		Release|Any CPU = Release|Any CPU
	EndGlobalSection
	GlobalSection(ProjectConfigurationPlatforms) = postSolution
		{979656C9-42E5-4C2E-A7B0-9D355A2BD652}.Debug|Any CPU.ActiveCfg = Debug|Any CPU
		{979656C9-42E5-4C2E-A7B0-9D355A2BD652}.Debug|Any CPU.Build.0 = Debug|Any CPU
		{979656C9-42E5-4C2E-A7B0-9D355A2BD652}.Release|Any CPU.ActiveCfg = Release|Any CPU
		{979656C9-42E5-4C2E-A7B0-9D355A2BD652}.Release|Any CPU.Build.0 = Release|Any CPU
	EndGlobalSection
	GlobalSection(SolutionProperties) = preSolution
		HideSolutionNode = FALSE
	EndGlobalSection
EndGlobal
