
Microsoft Visual Studio Solution File, Format Version 12.00
# Visual Studio Version 16
VisualStudioVersion = 16.0.31105.61
MinimumVisualStudioVersion = 10.0.40219.1
Project("{9A19103F-16F7-4668-BE54-9A1E7A4F7556}") = "PresentationStyles", "PresentationStyles.csproj", "{70CFBFC8-F047-4FFD-A999-98CC3EB39BD9}"
EndProject
Project("{9A19103F-16F7-4668-BE54-9A1E7A4F7556}") = "SandcastleCore", "..\SandcastleCore\SandcastleCore.csproj", "{399E78F8-4954-409E-991A-37DA9D0579CC}"
EndProject
Project("{2150E333-8FDC-42A3-9474-1A3956D46DE8}") = "Solution Items", "Solution Items", "{D7E0DDC9-A909-4265-80E8-D721201B6E71}"
	ProjectSection(SolutionItems) = preProject
		..\.editorconfig = ..\.editorconfig
		PresentationStyles.sln.vsspell = PresentationStyles.sln.vsspell
	EndProjectSection
EndProject
Global
	GlobalSection(SolutionConfigurationPlatforms) = preSolution
		Debug|Any CPU = Debug|Any CPU
		Release|Any CPU = Release|Any CPU
	EndGlobalSection
	GlobalSection(ProjectConfigurationPlatforms) = postSolution
		{70CFBFC8-F047-4FFD-A999-98CC3EB39BD9}.Debug|Any CPU.ActiveCfg = Debug|Any CPU
		{70CFBFC8-F047-4FFD-A999-98CC3EB39BD9}.Debug|Any CPU.Build.0 = Debug|Any CPU
		{70CFBFC8-F047-4FFD-A999-98CC3EB39BD9}.Release|Any CPU.ActiveCfg = Release|Any CPU
		{70CFBFC8-F047-4FFD-A999-98CC3EB39BD9}.Release|Any CPU.Build.0 = Release|Any CPU
		{399E78F8-4954-409E-991A-37DA9D0579CC}.Debug|Any CPU.ActiveCfg = Debug|Any CPU
		{399E78F8-4954-409E-991A-37DA9D0579CC}.Debug|Any CPU.Build.0 = Debug|Any CPU
		{399E78F8-4954-409E-991A-37DA9D0579CC}.Release|Any CPU.ActiveCfg = Release|Any CPU
		{399E78F8-4954-409E-991A-37DA9D0579CC}.Release|Any CPU.Build.0 = Release|Any CPU
	EndGlobalSection
	GlobalSection(SolutionProperties) = preSolution
		HideSolutionNode = FALSE
	EndGlobalSection
	GlobalSection(ExtensibilityGlobals) = postSolution
		SolutionGuid = {3C1E8921-1874-4335-9516-8EC1F18660D2}
	EndGlobalSection
EndGlobal
