
Microsoft Visual Studio Solution File, Format Version 11.00
# Visual Studio 2010
Project("{2150E333-8FDC-42A3-9474-1A3956D46DE8}") = "Solution Items", "Solution Items", "{A8F115F0-6516-4684-BB0F-C45321F7BA7B}"
	ProjectSection(SolutionItems) = preProject
		BuildComponents.FxCop = BuildComponents.FxCop
		SandcastleBuilder.FxCop = SandcastleBuilder.FxCop
	EndProjectSection
	ProjectSection(FolderStartupServices) = postProject
		{B4F97281-0DBD-4835-9ED8-7DFB966E87FF} = {B4F97281-0DBD-4835-9ED8-7DFB966E87FF}
		{B4F97281-0DBD-4835-9ED8-7DFB966E87FF} = {B4F97281-0DBD-4835-9ED8-7DFB966E87FF}
		{B4F97281-0DBD-4835-9ED8-7DFB966E87FF} = {B4F97281-0DBD-4835-9ED8-7DFB966E87FF}
		{B4F97281-0DBD-4835-9ED8-7DFB966E87FF} = {B4F97281-0DBD-4835-9ED8-7DFB966E87FF}
		{B4F97281-0DBD-4835-9ED8-7DFB966E87FF} = {B4F97281-0DBD-4835-9ED8-7DFB966E87FF}
		{B4F97281-0DBD-4835-9ED8-7DFB966E87FF} = {B4F97281-0DBD-4835-9ED8-7DFB966E87FF}
		{B4F97281-0DBD-4835-9ED8-7DFB966E87FF} = {B4F97281-0DBD-4835-9ED8-7DFB966E87FF}
		{B4F97281-0DBD-4835-9ED8-7DFB966E87FF} = {B4F97281-0DBD-4835-9ED8-7DFB966E87FF}
		{B4F97281-0DBD-4835-9ED8-7DFB966E87FF} = {B4F97281-0DBD-4835-9ED8-7DFB966E87FF}
		{B4F97281-0DBD-4835-9ED8-7DFB966E87FF} = {B4F97281-0DBD-4835-9ED8-7DFB966E87FF}
		{B4F97281-0DBD-4835-9ED8-7DFB966E87FF} = {B4F97281-0DBD-4835-9ED8-7DFB966E87FF}
		{B4F97281-0DBD-4835-9ED8-7DFB966E87FF} = {B4F97281-0DBD-4835-9ED8-7DFB966E87FF}
		{B4F97281-0DBD-4835-9ED8-7DFB966E87FF} = {B4F97281-0DBD-4835-9ED8-7DFB966E87FF}
		{B4F97281-0DBD-4835-9ED8-7DFB966E87FF} = {B4F97281-0DBD-4835-9ED8-7DFB966E87FF}
		{B4F97281-0DBD-4835-9ED8-7DFB966E87FF} = {B4F97281-0DBD-4835-9ED8-7DFB966E87FF}
		{B4F97281-0DBD-4835-9ED8-7DFB966E87FF} = {B4F97281-0DBD-4835-9ED8-7DFB966E87FF}
		{B4F97281-0DBD-4835-9ED8-7DFB966E87FF} = {B4F97281-0DBD-4835-9ED8-7DFB966E87FF}
		{B4F97281-0DBD-4835-9ED8-7DFB966E87FF} = {B4F97281-0DBD-4835-9ED8-7DFB966E87FF}
		{B4F97281-0DBD-4835-9ED8-7DFB966E87FF} = {B4F97281-0DBD-4835-9ED8-7DFB966E87FF}
		{B4F97281-0DBD-4835-9ED8-7DFB966E87FF} = {B4F97281-0DBD-4835-9ED8-7DFB966E87FF}
		{B4F97281-0DBD-4835-9ED8-7DFB966E87FF} = {B4F97281-0DBD-4835-9ED8-7DFB966E87FF}
		{B4F97281-0DBD-4835-9ED8-7DFB966E87FF} = {B4F97281-0DBD-4835-9ED8-7DFB966E87FF}
		{B4F97281-0DBD-4835-9ED8-7DFB966E87FF} = {B4F97281-0DBD-4835-9ED8-7DFB966E87FF}
		{B4F97281-0DBD-4835-9ED8-7DFB966E87FF} = {B4F97281-0DBD-4835-9ED8-7DFB966E87FF}
		{B4F97281-0DBD-4835-9ED8-7DFB966E87FF} = {B4F97281-0DBD-4835-9ED8-7DFB966E87FF}
		{B4F97281-0DBD-4835-9ED8-7DFB966E87FF} = {B4F97281-0DBD-4835-9ED8-7DFB966E87FF}
		{B4F97281-0DBD-4835-9ED8-7DFB966E87FF} = {B4F97281-0DBD-4835-9ED8-7DFB966E87FF}
		{B4F97281-0DBD-4835-9ED8-7DFB966E87FF} = {B4F97281-0DBD-4835-9ED8-7DFB966E87FF}
		{B4F97281-0DBD-4835-9ED8-7DFB966E87FF} = {B4F97281-0DBD-4835-9ED8-7DFB966E87FF}
		{B4F97281-0DBD-4835-9ED8-7DFB966E87FF} = {B4F97281-0DBD-4835-9ED8-7DFB966E87FF}
		{B4F97281-0DBD-4835-9ED8-7DFB966E87FF} = {B4F97281-0DBD-4835-9ED8-7DFB966E87FF}
		{B4F97281-0DBD-4835-9ED8-7DFB966E87FF} = {B4F97281-0DBD-4835-9ED8-7DFB966E87FF}
		{B4F97281-0DBD-4835-9ED8-7DFB966E87FF} = {B4F97281-0DBD-4835-9ED8-7DFB966E87FF}
		{B4F97281-0DBD-4835-9ED8-7DFB966E87FF} = {B4F97281-0DBD-4835-9ED8-7DFB966E87FF}
		{B4F97281-0DBD-4835-9ED8-7DFB966E87FF} = {B4F97281-0DBD-4835-9ED8-7DFB966E87FF}
		{B4F97281-0DBD-4835-9ED8-7DFB966E87FF} = {B4F97281-0DBD-4835-9ED8-7DFB966E87FF}
		{B4F97281-0DBD-4835-9ED8-7DFB966E87FF} = {B4F97281-0DBD-4835-9ED8-7DFB966E87FF}
		{B4F97281-0DBD-4835-9ED8-7DFB966E87FF} = {B4F97281-0DBD-4835-9ED8-7DFB966E87FF}
		{B4F97281-0DBD-4835-9ED8-7DFB966E87FF} = {B4F97281-0DBD-4835-9ED8-7DFB966E87FF}
		{B4F97281-0DBD-4835-9ED8-7DFB966E87FF} = {B4F97281-0DBD-4835-9ED8-7DFB966E87FF}
		{B4F97281-0DBD-4835-9ED8-7DFB966E87FF} = {B4F97281-0DBD-4835-9ED8-7DFB966E87FF}
		{B4F97281-0DBD-4835-9ED8-7DFB966E87FF} = {B4F97281-0DBD-4835-9ED8-7DFB966E87FF}
		{B4F97281-0DBD-4835-9ED8-7DFB966E87FF} = {B4F97281-0DBD-4835-9ED8-7DFB966E87FF}
		{B4F97281-0DBD-4835-9ED8-7DFB966E87FF} = {B4F97281-0DBD-4835-9ED8-7DFB966E87FF}
		{B4F97281-0DBD-4835-9ED8-7DFB966E87FF} = {B4F97281-0DBD-4835-9ED8-7DFB966E87FF}
		{B4F97281-0DBD-4835-9ED8-7DFB966E87FF} = {B4F97281-0DBD-4835-9ED8-7DFB966E87FF}
		{B4F97281-0DBD-4835-9ED8-7DFB966E87FF} = {B4F97281-0DBD-4835-9ED8-7DFB966E87FF}
		{B4F97281-0DBD-4835-9ED8-7DFB966E87FF} = {B4F97281-0DBD-4835-9ED8-7DFB966E87FF}
		{B4F97281-0DBD-4835-9ED8-7DFB966E87FF} = {B4F97281-0DBD-4835-9ED8-7DFB966E87FF}
		{B4F97281-0DBD-4835-9ED8-7DFB966E87FF} = {B4F97281-0DBD-4835-9ED8-7DFB966E87FF}
		{B4F97281-0DBD-4835-9ED8-7DFB966E87FF} = {B4F97281-0DBD-4835-9ED8-7DFB966E87FF}
		{B4F97281-0DBD-4835-9ED8-7DFB966E87FF} = {B4F97281-0DBD-4835-9ED8-7DFB966E87FF}
	EndProjectSection
EndProject
Project("{FAE04EC0-301F-11D3-BF4B-00C04F79EFBC}") = "SandcastleBuilderGui", "SandcastleBuilderGui\SandcastleBuilderGui.csproj", "{F5362C80-44E3-47E4-AAFD-49050B22B550}"
	ProjectSection(ProjectDependencies) = postProject
		{49720D17-40AD-4452-B60A-A5DEA226BA06} = {49720D17-40AD-4452-B60A-A5DEA226BA06}
		{9708B799-DC83-4404-B8C6-FA444C310DCD} = {9708B799-DC83-4404-B8C6-FA444C310DCD}
		{E89B64AB-F22B-402A-B5C8-3FF19234E822} = {E89B64AB-F22B-402A-B5C8-3FF19234E822}
		{A96308E6-1F59-4378-9605-9D19DF9F697D} = {A96308E6-1F59-4378-9605-9D19DF9F697D}
		{8E5E26EC-0352-4597-AD7B-1563C929CE20} = {8E5E26EC-0352-4597-AD7B-1563C929CE20}
		{318728F4-8A9F-4A33-87F6-6E3A06629C3C} = {318728F4-8A9F-4A33-87F6-6E3A06629C3C}
	EndProjectSection
EndProject
Project("{FAE04EC0-301F-11D3-BF4B-00C04F79EFBC}") = "SandcastleBuilderUtils", "SandcastleBuilderUtils\SandcastleBuilderUtils.csproj", "{330DADF7-3AB1-49A0-B3C6-A69D2C4F06A6}"
	ProjectSection(ProjectDependencies) = postProject
		{A96308E6-1F59-4378-9605-9D19DF9F697D} = {A96308E6-1F59-4378-9605-9D19DF9F697D}
		{8E5E26EC-0352-4597-AD7B-1563C929CE20} = {8E5E26EC-0352-4597-AD7B-1563C929CE20}
	EndProjectSection
EndProject
Project("{FAE04EC0-301F-11D3-BF4B-00C04F79EFBC}") = "ColorizerLibrary", "CodeColorizer\ColorizerLibrary\ColorizerLibrary.csproj", "{72331A21-C452-4BE4-BFDB-B8029A6BC1C0}"
EndProject
Project("{FAE04EC0-301F-11D3-BF4B-00C04F79EFBC}") = "SandcastleComponents", "SandcastleComponents\SandcastleComponents.csproj", "{9708B799-DC83-4404-B8C6-FA444C310DCD}"
EndProject
Project("{FAE04EC0-301F-11D3-BF4B-00C04F79EFBC}") = "SandcastleBuilderPlugIns", "SandcastleBuilderPlugIns\SandcastleBuilderPlugIns.csproj", "{49720D17-40AD-4452-B60A-A5DEA226BA06}"
EndProject
Project("{FAE04EC0-301F-11D3-BF4B-00C04F79EFBC}") = "SandcastleHtmlExtract", "SandcastleHtmlExtract\SandcastleHtmlExtract.csproj", "{8E5E26EC-0352-4597-AD7B-1563C929CE20}"
EndProject
Project("{FAE04EC0-301F-11D3-BF4B-00C04F79EFBC}") = "GenerateInheritedDocs", "GenerateInheritedDocs\GenerateInheritedDocs.csproj", "{A96308E6-1F59-4378-9605-9D19DF9F697D}"
EndProject
Project("{FAE04EC0-301F-11D3-BF4B-00C04F79EFBC}") = "SandcastleMRefBuilder", "SandcastleMRefBuilder\SandcastleMRefBuilder.csproj", "{E89B64AB-F22B-402A-B5C8-3FF19234E822}"
EndProject
Project("{FAE04EC0-301F-11D3-BF4B-00C04F79EFBC}") = "HelpLibraryManagerLauncher", "HelpLibraryManagerLauncher\HelpLibraryManagerLauncher.csproj", "{318728F4-8A9F-4A33-87F6-6E3A06629C3C}"
EndProject
Project("{FAE04EC0-301F-11D3-BF4B-00C04F79EFBC}") = "SandcastleBuilderWPF", "SandcastleBuilderWPF\SandcastleBuilderWPF.csproj", "{D3B06405-3435-4329-9233-2DF1BF5028AA}"
EndProject
Global
	GlobalSection(TeamFoundationVersionControl) = preSolution
		SccNumberOfProjects = 11
		SccEnterpriseProvider = {4CA58AB2-18FA-4F8D-95D4-32DDF27D184C}
		SccTeamFoundationServer = https://tfs.codeplex.com/tfs/tfs01
		SccLocalPath0 = .
		SccProjectUniqueName1 = CodeColorizer\\ColorizerLibrary\\ColorizerLibrary.csproj
		SccProjectName1 = CodeColorizer/ColorizerLibrary
		SccLocalPath1 = CodeColorizer\\ColorizerLibrary
		SccProjectUniqueName2 = GenerateInheritedDocs\\GenerateInheritedDocs.csproj
		SccProjectName2 = GenerateInheritedDocs
		SccLocalPath2 = GenerateInheritedDocs
		SccProjectUniqueName3 = HelpLibraryManagerLauncher\\HelpLibraryManagerLauncher.csproj
		SccProjectName3 = HelpLibraryManagerLauncher
		SccLocalPath3 = HelpLibraryManagerLauncher
		SccProjectUniqueName4 = SandcastleBuilderGui\\SandcastleBuilderGui.csproj
		SccProjectName4 = SandcastleBuilderGui
		SccLocalPath4 = SandcastleBuilderGui
		SccProjectUniqueName5 = SandcastleBuilderPlugIns\\SandcastleBuilderPlugIns.csproj
		SccProjectName5 = SandcastleBuilderPlugIns
		SccLocalPath5 = SandcastleBuilderPlugIns
		SccProjectUniqueName6 = SandcastleBuilderUtils\\SandcastleBuilderUtils.csproj
		SccProjectName6 = SandcastleBuilderUtils
		SccLocalPath6 = SandcastleBuilderUtils
		SccProjectUniqueName7 = SandcastleComponents\\SandcastleComponents.csproj
		SccProjectName7 = SandcastleComponents
		SccLocalPath7 = SandcastleComponents
		SccProjectUniqueName8 = SandcastleHtmlExtract\\SandcastleHtmlExtract.csproj
		SccProjectName8 = SandcastleHtmlExtract
		SccLocalPath8 = SandcastleHtmlExtract
		SccProjectUniqueName9 = SandcastleMRefBuilder\\SandcastleMRefBuilder.csproj
		SccProjectName9 = SandcastleMRefBuilder
		SccLocalPath9 = SandcastleMRefBuilder
		SccProjectUniqueName10 = SandcastleBuilderWPF\\SandcastleBuilderWPF.csproj
		SccProjectName10 = SandcastleBuilderWPF
		SccLocalPath10 = SandcastleBuilderWPF
	EndGlobalSection
	GlobalSection(SolutionConfigurationPlatforms) = preSolution
		Debug|Any CPU = Debug|Any CPU
		Release|Any CPU = Release|Any CPU
		ReleaseNoDoc|Any CPU = ReleaseNoDoc|Any CPU
	EndGlobalSection
	GlobalSection(ProjectConfigurationPlatforms) = postSolution
		{F5362C80-44E3-47E4-AAFD-49050B22B550}.Debug|Any CPU.ActiveCfg = Debug|Any CPU
		{F5362C80-44E3-47E4-AAFD-49050B22B550}.Debug|Any CPU.Build.0 = Debug|Any CPU
		{F5362C80-44E3-47E4-AAFD-49050B22B550}.Release|Any CPU.ActiveCfg = Release|Any CPU
		{F5362C80-44E3-47E4-AAFD-49050B22B550}.Release|Any CPU.Build.0 = Release|Any CPU
		{F5362C80-44E3-47E4-AAFD-49050B22B550}.ReleaseNoDoc|Any CPU.ActiveCfg = ReleaseNoDoc|Any CPU
		{F5362C80-44E3-47E4-AAFD-49050B22B550}.ReleaseNoDoc|Any CPU.Build.0 = ReleaseNoDoc|Any CPU
		{330DADF7-3AB1-49A0-B3C6-A69D2C4F06A6}.Debug|Any CPU.ActiveCfg = Debug|Any CPU
		{330DADF7-3AB1-49A0-B3C6-A69D2C4F06A6}.Debug|Any CPU.Build.0 = Debug|Any CPU
		{330DADF7-3AB1-49A0-B3C6-A69D2C4F06A6}.Release|Any CPU.ActiveCfg = Release|Any CPU
		{330DADF7-3AB1-49A0-B3C6-A69D2C4F06A6}.Release|Any CPU.Build.0 = Release|Any CPU
		{330DADF7-3AB1-49A0-B3C6-A69D2C4F06A6}.ReleaseNoDoc|Any CPU.ActiveCfg = ReleaseNoDoc|Any CPU
		{330DADF7-3AB1-49A0-B3C6-A69D2C4F06A6}.ReleaseNoDoc|Any CPU.Build.0 = ReleaseNoDoc|Any CPU
		{72331A21-C452-4BE4-BFDB-B8029A6BC1C0}.Debug|Any CPU.ActiveCfg = Debug|Any CPU
		{72331A21-C452-4BE4-BFDB-B8029A6BC1C0}.Debug|Any CPU.Build.0 = Debug|Any CPU
		{72331A21-C452-4BE4-BFDB-B8029A6BC1C0}.Release|Any CPU.ActiveCfg = Release|Any CPU
		{72331A21-C452-4BE4-BFDB-B8029A6BC1C0}.Release|Any CPU.Build.0 = Release|Any CPU
		{72331A21-C452-4BE4-BFDB-B8029A6BC1C0}.ReleaseNoDoc|Any CPU.ActiveCfg = ReleaseNoDoc|Any CPU
		{72331A21-C452-4BE4-BFDB-B8029A6BC1C0}.ReleaseNoDoc|Any CPU.Build.0 = ReleaseNoDoc|Any CPU
		{9708B799-DC83-4404-B8C6-FA444C310DCD}.Debug|Any CPU.ActiveCfg = Debug|Any CPU
		{9708B799-DC83-4404-B8C6-FA444C310DCD}.Debug|Any CPU.Build.0 = Debug|Any CPU
		{9708B799-DC83-4404-B8C6-FA444C310DCD}.Release|Any CPU.ActiveCfg = Release|Any CPU
		{9708B799-DC83-4404-B8C6-FA444C310DCD}.Release|Any CPU.Build.0 = Release|Any CPU
		{9708B799-DC83-4404-B8C6-FA444C310DCD}.ReleaseNoDoc|Any CPU.ActiveCfg = ReleaseNoDoc|Any CPU
		{9708B799-DC83-4404-B8C6-FA444C310DCD}.ReleaseNoDoc|Any CPU.Build.0 = ReleaseNoDoc|Any CPU
		{49720D17-40AD-4452-B60A-A5DEA226BA06}.Debug|Any CPU.ActiveCfg = Debug|Any CPU
		{49720D17-40AD-4452-B60A-A5DEA226BA06}.Debug|Any CPU.Build.0 = Debug|Any CPU
		{49720D17-40AD-4452-B60A-A5DEA226BA06}.Release|Any CPU.ActiveCfg = Release|Any CPU
		{49720D17-40AD-4452-B60A-A5DEA226BA06}.Release|Any CPU.Build.0 = Release|Any CPU
		{49720D17-40AD-4452-B60A-A5DEA226BA06}.ReleaseNoDoc|Any CPU.ActiveCfg = ReleaseNoDoc|Any CPU
		{49720D17-40AD-4452-B60A-A5DEA226BA06}.ReleaseNoDoc|Any CPU.Build.0 = ReleaseNoDoc|Any CPU
		{8E5E26EC-0352-4597-AD7B-1563C929CE20}.Debug|Any CPU.ActiveCfg = Debug|Any CPU
		{8E5E26EC-0352-4597-AD7B-1563C929CE20}.Debug|Any CPU.Build.0 = Debug|Any CPU
		{8E5E26EC-0352-4597-AD7B-1563C929CE20}.Release|Any CPU.ActiveCfg = Release|Any CPU
		{8E5E26EC-0352-4597-AD7B-1563C929CE20}.Release|Any CPU.Build.0 = Release|Any CPU
		{8E5E26EC-0352-4597-AD7B-1563C929CE20}.ReleaseNoDoc|Any CPU.ActiveCfg = ReleaseNoDoc|Any CPU
		{8E5E26EC-0352-4597-AD7B-1563C929CE20}.ReleaseNoDoc|Any CPU.Build.0 = ReleaseNoDoc|Any CPU
		{A96308E6-1F59-4378-9605-9D19DF9F697D}.Debug|Any CPU.ActiveCfg = Debug|Any CPU
		{A96308E6-1F59-4378-9605-9D19DF9F697D}.Debug|Any CPU.Build.0 = Debug|Any CPU
		{A96308E6-1F59-4378-9605-9D19DF9F697D}.Release|Any CPU.ActiveCfg = Release|Any CPU
		{A96308E6-1F59-4378-9605-9D19DF9F697D}.Release|Any CPU.Build.0 = Release|Any CPU
		{A96308E6-1F59-4378-9605-9D19DF9F697D}.ReleaseNoDoc|Any CPU.ActiveCfg = ReleaseNoDoc|Any CPU
		{A96308E6-1F59-4378-9605-9D19DF9F697D}.ReleaseNoDoc|Any CPU.Build.0 = ReleaseNoDoc|Any CPU
		{E89B64AB-F22B-402A-B5C8-3FF19234E822}.Debug|Any CPU.ActiveCfg = Debug|Any CPU
		{E89B64AB-F22B-402A-B5C8-3FF19234E822}.Debug|Any CPU.Build.0 = Debug|Any CPU
		{E89B64AB-F22B-402A-B5C8-3FF19234E822}.Release|Any CPU.ActiveCfg = Release|Any CPU
		{E89B64AB-F22B-402A-B5C8-3FF19234E822}.Release|Any CPU.Build.0 = Release|Any CPU
		{E89B64AB-F22B-402A-B5C8-3FF19234E822}.ReleaseNoDoc|Any CPU.ActiveCfg = ReleaseNoDoc|Any CPU
		{E89B64AB-F22B-402A-B5C8-3FF19234E822}.ReleaseNoDoc|Any CPU.Build.0 = ReleaseNoDoc|Any CPU
		{318728F4-8A9F-4A33-87F6-6E3A06629C3C}.Debug|Any CPU.ActiveCfg = Debug|Any CPU
		{318728F4-8A9F-4A33-87F6-6E3A06629C3C}.Debug|Any CPU.Build.0 = Debug|Any CPU
		{318728F4-8A9F-4A33-87F6-6E3A06629C3C}.Release|Any CPU.ActiveCfg = Release|Any CPU
		{318728F4-8A9F-4A33-87F6-6E3A06629C3C}.Release|Any CPU.Build.0 = Release|Any CPU
		{318728F4-8A9F-4A33-87F6-6E3A06629C3C}.ReleaseNoDoc|Any CPU.ActiveCfg = ReleaseNoDoc|Any CPU
		{318728F4-8A9F-4A33-87F6-6E3A06629C3C}.ReleaseNoDoc|Any CPU.Build.0 = ReleaseNoDoc|Any CPU
		{D3B06405-3435-4329-9233-2DF1BF5028AA}.Debug|Any CPU.ActiveCfg = Debug|Any CPU
		{D3B06405-3435-4329-9233-2DF1BF5028AA}.Debug|Any CPU.Build.0 = Debug|Any CPU
		{D3B06405-3435-4329-9233-2DF1BF5028AA}.Release|Any CPU.ActiveCfg = Release|Any CPU
		{D3B06405-3435-4329-9233-2DF1BF5028AA}.Release|Any CPU.Build.0 = Release|Any CPU
		{D3B06405-3435-4329-9233-2DF1BF5028AA}.ReleaseNoDoc|Any CPU.ActiveCfg = Release|Any CPU
		{D3B06405-3435-4329-9233-2DF1BF5028AA}.ReleaseNoDoc|Any CPU.Build.0 = Release|Any CPU
	EndGlobalSection
	GlobalSection(SolutionProperties) = preSolution
		HideSolutionNode = FALSE
	EndGlobalSection
	GlobalSection(TextTemplating) = postSolution
		TextTemplating = 1
	EndGlobalSection
EndGlobal
