
Microsoft Visual Studio Solution File, Format Version 11.00
# Visual Studio 2010
Project("{7CF6DF6D-3B04-46F8-A40B-537D21BCA0B4}") = "BuildComponents", "Doc\BuildComponents.shfbproj", "{7613949A-FBF7-4327-BFAD-7C31716E3352}"
EndProject
Project("{7CF6DF6D-3B04-46F8-A40B-537D21BCA0B4}") = "SandcastleBuilder", "Doc\SandcastleBuilder.shfbproj", "{DEA33D54-A820-4458-85EB-8C52FF13508D}"
EndProject
Global
	GlobalSection(TeamFoundationVersionControl) = preSolution
		SccNumberOfProjects = 3
		SccEnterpriseProvider = {4CA58AB2-18FA-4F8D-95D4-32DDF27D184C}
		SccTeamFoundationServer = https://tfs.codeplex.com/tfs/tfs01
		SccLocalPath0 = .
		SccProjectUniqueName1 = Doc\\BuildComponents.shfbproj
		SccProjectName1 = Doc
		SccLocalPath1 = Doc
		SccProjectUniqueName2 = Doc\\SandcastleBuilder.shfbproj
		SccProjectName2 = Doc
		SccLocalPath2 = Doc
	EndGlobalSection
	GlobalSection(SolutionConfigurationPlatforms) = preSolution
		Debug|Any CPU = Debug|Any CPU
		Release|Any CPU = Release|Any CPU
	EndGlobalSection
	GlobalSection(ProjectConfigurationPlatforms) = postSolution
		{7613949A-FBF7-4327-BFAD-7C31716E3352}.Debug|Any CPU.ActiveCfg = Debug|Any CPU
		{7613949A-FBF7-4327-BFAD-7C31716E3352}.Debug|Any CPU.Build.0 = Debug|Any CPU
		{7613949A-FBF7-4327-BFAD-7C31716E3352}.Release|Any CPU.ActiveCfg = Release|Any CPU
		{7613949A-FBF7-4327-BFAD-7C31716E3352}.Release|Any CPU.Build.0 = Release|Any CPU
		{DEA33D54-A820-4458-85EB-8C52FF13508D}.Debug|Any CPU.ActiveCfg = Debug|Any CPU
		{DEA33D54-A820-4458-85EB-8C52FF13508D}.Debug|Any CPU.Build.0 = Debug|Any CPU
		{DEA33D54-A820-4458-85EB-8C52FF13508D}.Release|Any CPU.ActiveCfg = Release|Any CPU
		{DEA33D54-A820-4458-85EB-8C52FF13508D}.Release|Any CPU.Build.0 = Release|Any CPU
	EndGlobalSection
	GlobalSection(SolutionProperties) = preSolution
		HideSolutionNode = FALSE
	EndGlobalSection
EndGlobal
