
Microsoft Visual Studio Solution File, Format Version 12.00
# Visual Studio Version 17
VisualStudioVersion = 17.1.32407.343
MinimumVisualStudioVersion = 10.0.40219.1
Project("{2150E333-8FDC-42A3-9474-1A3956D46DE8}") = "Solution Items", "Solution Items", "{C894AE5E-8F27-44C6-BF48-902775D4775F}"
	ProjectSection(SolutionItems) = preProject
		..\..\..\.editorconfig = ..\..\..\.editorconfig
		..\..\..\IgnoredWords.dic = ..\..\..\IgnoredWords.dic
	EndProjectSection
EndProject
Project("{9A19103F-16F7-4668-BE54-9A1E7A4F7556}") = "ColorizerLibrary", "ColorizerLibrary\ColorizerLibrary.csproj", "{AFCAE462-7625-4E9A-AB87-C37820470977}"
EndProject
Project("{9A19103F-16F7-4668-BE54-9A1E7A4F7556}") = "FlowDocumentTest", "FlowDocumentTest\FlowDocumentTest.csproj", "{EE1A372C-52AC-472E-BCB3-23ECA906FB8A}"
EndProject
Project("{E24C65DC-7377-472B-9ABA-BC803B73C61A}") = "TextColorizerTest", "TextColorizerTest\", "{D7F11A0C-3E65-42D0-8743-82CEA117A003}"
	ProjectSection(ProjectDependencies) = postProject
		{AFCAE462-7625-4E9A-AB87-C37820470977} = {AFCAE462-7625-4E9A-AB87-C37820470977}
	EndProjectSection
	ProjectSection(WebsiteProperties) = preProject
		TargetFrameworkMoniker = ".NETFramework,Version%3Dv4.7.2"
		ProjectReferences = ""
		Debug.AspNetCompiler.VirtualPath = "/localhost_1789"
		Debug.AspNetCompiler.PhysicalPath = "TextColorizerTest\"
		Debug.AspNetCompiler.TargetPath = "PrecompiledWeb\localhost_1789\"
		Debug.AspNetCompiler.Updateable = "true"
		Debug.AspNetCompiler.ForceOverwrite = "true"
		Debug.AspNetCompiler.FixedNames = "false"
		Debug.AspNetCompiler.Debug = "True"
		Release.AspNetCompiler.VirtualPath = "/localhost_1789"
		Release.AspNetCompiler.PhysicalPath = "TextColorizerTest\"
		Release.AspNetCompiler.TargetPath = "PrecompiledWeb\localhost_1789\"
		Release.AspNetCompiler.Updateable = "true"
		Release.AspNetCompiler.ForceOverwrite = "true"
		Release.AspNetCompiler.FixedNames = "false"
		Release.AspNetCompiler.Debug = "False"
		VWDPort = "1789"
		SlnRelativePath = "TextColorizerTest\"
	EndProjectSection
EndProject
Project("{7CF6DF6D-3B04-46F8-A40B-537D21BCA0B4}") = "ColorizerLibraryDocs", "Doc\ColorizerLibraryDocs.shfbproj", "{398EAD70-EE9B-401B-B0D8-FBDA6CFD5B23}"
	ProjectSection(ProjectDependencies) = postProject
		{AFCAE462-7625-4E9A-AB87-C37820470977} = {AFCAE462-7625-4E9A-AB87-C37820470977}
	EndProjectSection
EndProject
Global
	GlobalSection(SolutionConfigurationPlatforms) = preSolution
		Debug|Any CPU = Debug|Any CPU
		Release|Any CPU = Release|Any CPU
	EndGlobalSection
	GlobalSection(ProjectConfigurationPlatforms) = postSolution
		{AFCAE462-7625-4E9A-AB87-C37820470977}.Debug|Any CPU.ActiveCfg = Debug|Any CPU
		{AFCAE462-7625-4E9A-AB87-C37820470977}.Debug|Any CPU.Build.0 = Debug|Any CPU
		{AFCAE462-7625-4E9A-AB87-C37820470977}.Release|Any CPU.ActiveCfg = Release|Any CPU
		{AFCAE462-7625-4E9A-AB87-C37820470977}.Release|Any CPU.Build.0 = Release|Any CPU
		{EE1A372C-52AC-472E-BCB3-23ECA906FB8A}.Debug|Any CPU.ActiveCfg = Debug|Any CPU
		{EE1A372C-52AC-472E-BCB3-23ECA906FB8A}.Debug|Any CPU.Build.0 = Debug|Any CPU
		{EE1A372C-52AC-472E-BCB3-23ECA906FB8A}.Release|Any CPU.ActiveCfg = Release|Any CPU
		{EE1A372C-52AC-472E-BCB3-23ECA906FB8A}.Release|Any CPU.Build.0 = Release|Any CPU
		{D7F11A0C-3E65-42D0-8743-82CEA117A003}.Debug|Any CPU.ActiveCfg = Debug|Any CPU
		{D7F11A0C-3E65-42D0-8743-82CEA117A003}.Debug|Any CPU.Build.0 = Debug|Any CPU
		{D7F11A0C-3E65-42D0-8743-82CEA117A003}.Release|Any CPU.ActiveCfg = Debug|Any CPU
		{D7F11A0C-3E65-42D0-8743-82CEA117A003}.Release|Any CPU.Build.0 = Debug|Any CPU
		{398EAD70-EE9B-401B-B0D8-FBDA6CFD5B23}.Debug|Any CPU.ActiveCfg = Debug|Any CPU
		{398EAD70-EE9B-401B-B0D8-FBDA6CFD5B23}.Debug|Any CPU.Build.0 = Debug|Any CPU
		{398EAD70-EE9B-401B-B0D8-FBDA6CFD5B23}.Release|Any CPU.ActiveCfg = Release|Any CPU
		{398EAD70-EE9B-401B-B0D8-FBDA6CFD5B23}.Release|Any CPU.Build.0 = Release|Any CPU
	EndGlobalSection
	GlobalSection(SolutionProperties) = preSolution
		HideSolutionNode = FALSE
	EndGlobalSection
	GlobalSection(ExtensibilityGlobals) = postSolution
		SolutionGuid = {AAA4D81E-2974-4CAD-97F6-7E538006362A}
	EndGlobalSection
EndGlobal
