
Microsoft Visual Studio Solution File, Format Version 12.00
# Visual Studio Version 17
VisualStudioVersion = 17.5.33530.505
MinimumVisualStudioVersion = 10.0.40219.1
Project("{9A19103F-16F7-4668-BE54-9A1E7A4F7556}") = "MRefBuilder", "MRefBuilder.csproj", "{A8DCAD75-879F-4C97-803B-C9A17F227B04}"
EndProject
Project("{9A19103F-16F7-4668-BE54-9A1E7A4F7556}") = "SandcastleCore", "..\SandcastleCore\SandcastleCore.csproj", "{399E78F8-4954-409E-991A-37DA9D0579CC}"
EndProject
Project("{2150E333-8FDC-42A3-9474-1A3956D46DE8}") = "Solution Items", "Solution Items", "{95A87268-EFA7-4534-8F34-9539B2E08FEE}"
	ProjectSection(SolutionItems) = preProject
		..\..\..\.editorconfig = ..\..\..\.editorconfig
		..\..\..\IgnoredWords.dic = ..\..\..\IgnoredWords.dic
	EndProjectSection
EndProject
Global
	GlobalSection(SolutionConfigurationPlatforms) = preSolution
		Debug|Any CPU = Debug|Any CPU
		Release|Any CPU = Release|Any CPU
	EndGlobalSection
	GlobalSection(ProjectConfigurationPlatforms) = postSolution
		{A8DCAD75-879F-4C97-803B-C9A17F227B04}.Debug|Any CPU.ActiveCfg = Debug|Any CPU
		{A8DCAD75-879F-4C97-803B-C9A17F227B04}.Debug|Any CPU.Build.0 = Debug|Any CPU
		{A8DCAD75-879F-4C97-803B-C9A17F227B04}.Release|Any CPU.ActiveCfg = Release|Any CPU
		{A8DCAD75-879F-4C97-803B-C9A17F227B04}.Release|Any CPU.Build.0 = Release|Any CPU
		{399E78F8-4954-409E-991A-37DA9D0579CC}.Debug|Any CPU.ActiveCfg = Debug|Any CPU
		{399E78F8-4954-409E-991A-37DA9D0579CC}.Debug|Any CPU.Build.0 = Debug|Any CPU
		{399E78F8-4954-409E-991A-37DA9D0579CC}.Release|Any CPU.ActiveCfg = Release|Any CPU
		{399E78F8-4954-409E-991A-37DA9D0579CC}.Release|Any CPU.Build.0 = Release|Any CPU
	EndGlobalSection
	GlobalSection(SolutionProperties) = preSolution
		HideSolutionNode = FALSE
	EndGlobalSection
	GlobalSection(ExtensibilityGlobals) = postSolution
		SolutionGuid = {2D74EF97-AA82-48E2-91BF-2B1475B7BC5C}
	EndGlobalSection
EndGlobal
