
Microsoft Visual Studio Solution File, Format Version 12.00
# Visual Studio 2013
VisualStudioVersion = 12.0.30723.0
MinimumVisualStudioVersion = 10.0.40219.1
Project("{FAE04EC0-301F-11D3-BF4B-00C04F79EFBC}") = "HtmlToMaml", "HtmlToMaml.csproj", "{BF2A51B4-6981-4E40-B971-14A26221DA85}"
EndProject
Project("{7CF6DF6D-3B04-46F8-A40B-537D21BCA0B4}") = "HtmlToMamlDocs", "Doc\HtmlToMamlDocs.shfbproj", "{C1AB8F68-82B0-4DA3-B9EE-84703C939B66}"
	ProjectSection(ProjectDependencies) = postProject
		{BF2A51B4-6981-4E40-B971-14A26221DA85} = {BF2A51B4-6981-4E40-B971-14A26221DA85}
	EndProjectSection
EndProject
Global
	GlobalSection(SolutionConfigurationPlatforms) = preSolution
		Debug|Any CPU = Debug|Any CPU
		Release|Any CPU = Release|Any CPU
	EndGlobalSection
	GlobalSection(ProjectConfigurationPlatforms) = postSolution
		{BF2A51B4-6981-4E40-B971-14A26221DA85}.Debug|Any CPU.ActiveCfg = Debug|Any CPU
		{BF2A51B4-6981-4E40-B971-14A26221DA85}.Debug|Any CPU.Build.0 = Debug|Any CPU
		{BF2A51B4-6981-4E40-B971-14A26221DA85}.Release|Any CPU.ActiveCfg = Release|Any CPU
		{BF2A51B4-6981-4E40-B971-14A26221DA85}.Release|Any CPU.Build.0 = Release|Any CPU
		{C1AB8F68-82B0-4DA3-B9EE-84703C939B66}.Debug|Any CPU.ActiveCfg = Debug|Any CPU
		{C1AB8F68-82B0-4DA3-B9EE-84703C939B66}.Release|Any CPU.ActiveCfg = Release|Any CPU
		{C1AB8F68-82B0-4DA3-B9EE-84703C939B66}.Release|Any CPU.Build.0 = Release|Any CPU
	EndGlobalSection
	GlobalSection(SolutionProperties) = preSolution
		HideSolutionNode = FALSE
	EndGlobalSection
EndGlobal
