
Microsoft Visual Studio Solution File, Format Version 12.00
# Visual Studio 14
VisualStudioVersion = 14.0.25420.1
MinimumVisualStudioVersion = 10.0.40219.1
Project("{FAE04EC0-301F-11D3-BF4B-00C04F79EFBC}") = "AddNamespaceGroups", "AddNamespaceGroups.csproj", "{57410D6B-4BA4-400D-A304-1CCE5E571EBA}"
EndProject
Project("{FAE04EC0-301F-11D3-BF4B-00C04F79EFBC}") = "Sandcastle.Core", "..\SandcastleCore\Sandcastle.Core.csproj", "{399E78F8-4954-409E-991A-37DA9D0579CC}"
EndProject
Project("{2150E333-8FDC-42A3-9474-1A3956D46DE8}") = "Solution Items", "Solution Items", "{7F271FB1-E380-43EC-86C9-B105FD93A8E9}"
	ProjectSection(SolutionItems) = preProject
		NuGet.config = NuGet.config
	EndProjectSection
EndProject
Global
	GlobalSection(SolutionConfigurationPlatforms) = preSolution
		Debug|Any CPU = Debug|Any CPU
		Debug|Mixed Platforms = Debug|Mixed Platforms
		Debug|x86 = Debug|x86
		Release|Any CPU = Release|Any CPU
		Release|Mixed Platforms = Release|Mixed Platforms
		Release|x86 = Release|x86
	EndGlobalSection
	GlobalSection(ProjectConfigurationPlatforms) = postSolution
		{57410D6B-4BA4-400D-A304-1CCE5E571EBA}.Debug|Any CPU.ActiveCfg = Debug|x86
		{57410D6B-4BA4-400D-A304-1CCE5E571EBA}.Debug|Mixed Platforms.ActiveCfg = Debug|Any CPU
		{57410D6B-4BA4-400D-A304-1CCE5E571EBA}.Debug|Mixed Platforms.Build.0 = Debug|Any CPU
		{57410D6B-4BA4-400D-A304-1CCE5E571EBA}.Debug|x86.ActiveCfg = Debug|x86
		{57410D6B-4BA4-400D-A304-1CCE5E571EBA}.Debug|x86.Build.0 = Debug|x86
		{57410D6B-4BA4-400D-A304-1CCE5E571EBA}.Release|Any CPU.ActiveCfg = Release|x86
		{57410D6B-4BA4-400D-A304-1CCE5E571EBA}.Release|Mixed Platforms.ActiveCfg = Release|Any CPU
		{57410D6B-4BA4-400D-A304-1CCE5E571EBA}.Release|Mixed Platforms.Build.0 = Release|Any CPU
		{57410D6B-4BA4-400D-A304-1CCE5E571EBA}.Release|x86.ActiveCfg = Release|x86
		{57410D6B-4BA4-400D-A304-1CCE5E571EBA}.Release|x86.Build.0 = Release|x86
		{399E78F8-4954-409E-991A-37DA9D0579CC}.Debug|Any CPU.ActiveCfg = Debug|Any CPU
		{399E78F8-4954-409E-991A-37DA9D0579CC}.Debug|Any CPU.Build.0 = Debug|Any CPU
		{399E78F8-4954-409E-991A-37DA9D0579CC}.Debug|Mixed Platforms.ActiveCfg = Debug|Any CPU
		{399E78F8-4954-409E-991A-37DA9D0579CC}.Debug|Mixed Platforms.Build.0 = Debug|Any CPU
		{399E78F8-4954-409E-991A-37DA9D0579CC}.Debug|x86.ActiveCfg = Debug|Any CPU
		{399E78F8-4954-409E-991A-37DA9D0579CC}.Release|Any CPU.ActiveCfg = Release|Any CPU
		{399E78F8-4954-409E-991A-37DA9D0579CC}.Release|Any CPU.Build.0 = Release|Any CPU
		{399E78F8-4954-409E-991A-37DA9D0579CC}.Release|Mixed Platforms.ActiveCfg = Release|Any CPU
		{399E78F8-4954-409E-991A-37DA9D0579CC}.Release|Mixed Platforms.Build.0 = Release|Any CPU
		{399E78F8-4954-409E-991A-37DA9D0579CC}.Release|x86.ActiveCfg = Release|Any CPU
	EndGlobalSection
	GlobalSection(SolutionProperties) = preSolution
		HideSolutionNode = FALSE
	EndGlobalSection
EndGlobal
