
Microsoft Visual Studio Solution File, Format Version 11.00
# Visual Studio 2010
Project("{FAE04EC0-301F-11D3-BF4B-00C04F79EFBC}") = "CommandLine", "CommandLine.csproj", "{6CF7CA42-3706-4F6B-A2B4-10EF3F511888}"
EndProject
Project("{2150E333-8FDC-42A3-9474-1A3956D46DE8}") = "Solution Items", "Solution Items", "{B9437760-705E-4AEF-B56D-51914D6F9ECF}"
	ProjectSection(SolutionItems) = preProject
		CommandLine.FxCop = CommandLine.FxCop
	EndProjectSection
EndProject
Global
	GlobalSection(TeamFoundationVersionControl) = preSolution
		SccNumberOfProjects = 2
		SccEnterpriseProvider = {4CA58AB2-18FA-4F8D-95D4-32DDF27D184C}
		SccTeamFoundationServer = https://tfs.codeplex.com/tfs/tfs01
		SccProjectUniqueName0 = CommandLine.csproj
		SccLocalPath0 = .
		SccLocalPath1 = .
	EndGlobalSection
	GlobalSection(SolutionConfigurationPlatforms) = preSolution
		Debug|Any CPU = Debug|Any CPU
		Release|Any CPU = Release|Any CPU
	EndGlobalSection
	GlobalSection(ProjectConfigurationPlatforms) = postSolution
		{6CF7CA42-3706-4F6B-A2B4-10EF3F511888}.Debug|Any CPU.ActiveCfg = Debug|Any CPU
		{6CF7CA42-3706-4F6B-A2B4-10EF3F511888}.Debug|Any CPU.Build.0 = Debug|Any CPU
		{6CF7CA42-3706-4F6B-A2B4-10EF3F511888}.Release|Any CPU.ActiveCfg = Release|Any CPU
		{6CF7CA42-3706-4F6B-A2B4-10EF3F511888}.Release|Any CPU.Build.0 = Release|Any CPU
	EndGlobalSection
	GlobalSection(SolutionProperties) = preSolution
		HideSolutionNode = FALSE
	EndGlobalSection
EndGlobal
