
Microsoft Visual Studio Solution File, Format Version 11.00
# Visual Studio 2010
Project("{FAE04EC0-301F-11D3-BF4B-00C04F79EFBC}") = "WebCodeProviders", "WebCodeProviders.csproj", "{EC6AC183-18B7-4FD3-90F0-91A032BE9C5A}"
EndProject
Project("{7CF6DF6D-3B04-46F8-A40B-537D21BCA0B4}") = "EWSoftwareCodeDom", "Doc\EWSoftwareCodeDom.shfbproj", "{AACC5248-C357-442F-B789-17488EE609D9}"
	ProjectSection(ProjectDependencies) = postProject
		{EC6AC183-18B7-4FD3-90F0-91A032BE9C5A} = {EC6AC183-18B7-4FD3-90F0-91A032BE9C5A}
	EndProjectSection
EndProject
Global
	GlobalSection(SolutionConfigurationPlatforms) = preSolution
		Debug|Any CPU = Debug|Any CPU
		Release|Any CPU = Release|Any CPU
	EndGlobalSection
	GlobalSection(ProjectConfigurationPlatforms) = postSolution
		{EC6AC183-18B7-4FD3-90F0-91A032BE9C5A}.Debug|Any CPU.ActiveCfg = Debug|Any CPU
		{EC6AC183-18B7-4FD3-90F0-91A032BE9C5A}.Debug|Any CPU.Build.0 = Debug|Any CPU
		{EC6AC183-18B7-4FD3-90F0-91A032BE9C5A}.Release|Any CPU.ActiveCfg = Release|Any CPU
		{EC6AC183-18B7-4FD3-90F0-91A032BE9C5A}.Release|Any CPU.Build.0 = Release|Any CPU
		{AACC5248-C357-442F-B789-17488EE609D9}.Debug|Any CPU.ActiveCfg = Debug|Any CPU
		{AACC5248-C357-442F-B789-17488EE609D9}.Release|Any CPU.ActiveCfg = Release|Any CPU
		{AACC5248-C357-442F-B789-17488EE609D9}.Release|Any CPU.Build.0 = Release|Any CPU
	EndGlobalSection
	GlobalSection(SolutionProperties) = preSolution
		HideSolutionNode = FALSE
	EndGlobalSection
	GlobalSection(TextTemplating) = postSolution
		TextTemplating = 1
	EndGlobalSection
EndGlobal
