
Microsoft Visual Studio Solution File, Format Version 11.00
# Visual Studio 2010
Project("{FAE04EC0-301F-11D3-BF4B-00C04F79EFBC}") = "MSHCPackager", "MSHCPackager.csproj", "{F99CEBC0-D73C-4D2B-8A7D-617E0CEF9DFD}"
EndProject
Project("{FAE04EC0-301F-11D3-BF4B-00C04F79EFBC}") = "CommandLine", "..\CommandLine\CommandLine.csproj", "{6CF7CA42-3706-4F6B-A2B4-10EF3F511888}"
EndProject
Project("{2150E333-8FDC-42A3-9474-1A3956D46DE8}") = "Solution Items", "Solution Items", "{94EB1568-E0C4-48C9-B030-60FEB21B1957}"
	ProjectSection(SolutionItems) = preProject
		MSHCPackager.FxCop = MSHCPackager.FxCop
	EndProjectSection
EndProject
Global
	GlobalSection(SolutionConfigurationPlatforms) = preSolution
		Debug|Any CPU = Debug|Any CPU
		Release|Any CPU = Release|Any CPU
	EndGlobalSection
	GlobalSection(ProjectConfigurationPlatforms) = postSolution
		{F99CEBC0-D73C-4D2B-8A7D-617E0CEF9DFD}.Debug|Any CPU.ActiveCfg = Debug|Any CPU
		{F99CEBC0-D73C-4D2B-8A7D-617E0CEF9DFD}.Debug|Any CPU.Build.0 = Debug|Any CPU
		{F99CEBC0-D73C-4D2B-8A7D-617E0CEF9DFD}.Release|Any CPU.ActiveCfg = Release|Any CPU
		{F99CEBC0-D73C-4D2B-8A7D-617E0CEF9DFD}.Release|Any CPU.Build.0 = Release|Any CPU
		{6CF7CA42-3706-4F6B-A2B4-10EF3F511888}.Debug|Any CPU.ActiveCfg = Debug|Any CPU
		{6CF7CA42-3706-4F6B-A2B4-10EF3F511888}.Debug|Any CPU.Build.0 = Debug|Any CPU
		{6CF7CA42-3706-4F6B-A2B4-10EF3F511888}.Release|Any CPU.ActiveCfg = Release|Any CPU
		{6CF7CA42-3706-4F6B-A2B4-10EF3F511888}.Release|Any CPU.Build.0 = Release|Any CPU
	EndGlobalSection
	GlobalSection(SolutionProperties) = preSolution
		HideSolutionNode = FALSE
	EndGlobalSection
EndGlobal
