
Microsoft Visual Studio Solution File, Format Version 12.00
# Visual Studio 14
VisualStudioVersion = 14.0.25420.1
MinimumVisualStudioVersion = 10.0.40219.1
Project("{FAE04EC0-301F-11D3-BF4B-00C04F79EFBC}") = "GenerateInheritedDocs", "GenerateInheritedDocs.csproj", "{A96308E6-1F59-4378-9605-9D19DF9F697D}"
EndProject
Project("{2150E333-8FDC-42A3-9474-1A3956D46DE8}") = "Solution Items", "Solution Items", "{555FE8BA-ADF6-45A0-B003-F41CD426E33E}"
	ProjectSection(SolutionItems) = preProject
		NuGet.config = NuGet.config
	EndProjectSection
EndProject
Global
	GlobalSection(SolutionConfigurationPlatforms) = preSolution
		Debug|Any CPU = Debug|Any CPU
		Release|Any CPU = Release|Any CPU
	EndGlobalSection
	GlobalSection(ProjectConfigurationPlatforms) = postSolution
		{A96308E6-1F59-4378-9605-9D19DF9F697D}.Debug|Any CPU.ActiveCfg = Debug|Any CPU
		{A96308E6-1F59-4378-9605-9D19DF9F697D}.Debug|Any CPU.Build.0 = Debug|Any CPU
		{A96308E6-1F59-4378-9605-9D19DF9F697D}.Release|Any CPU.ActiveCfg = Release|Any CPU
		{A96308E6-1F59-4378-9605-9D19DF9F697D}.Release|Any CPU.Build.0 = Release|Any CPU
	EndGlobalSection
	GlobalSection(SolutionProperties) = preSolution
		HideSolutionNode = FALSE
	EndGlobalSection
EndGlobal
