
Microsoft Visual Studio Solution File, Format Version 11.00
# Visual Studio 2010
Project("{2150E333-8FDC-42A3-9474-1A3956D46DE8}") = "Solution Items", "Solution Items", "{8B8DD5B1-15B1-485D-8C5B-1644C0A51E55}"
	ProjectSection(SolutionItems) = preProject
		HtmlToMaml.FxCop = HtmlToMaml.FxCop
	EndProjectSection
EndProject
Project("{FAE04EC0-301F-11D3-BF4B-00C04F79EFBC}") = "HtmlToMaml", "HtmlToMaml.csproj", "{BF2A51B4-6981-4E40-B971-14A26221DA85}"
EndProject
Project("{7CF6DF6D-3B04-46F8-A40B-537D21BCA0B4}") = "HtmlToMamlDocs", "Doc\HtmlToMamlDocs.shfbproj", "{C1AB8F68-82B0-4DA3-B9EE-84703C939B66}"
	ProjectSection(ProjectDependencies) = postProject
		{BF2A51B4-6981-4E40-B971-14A26221DA85} = {BF2A51B4-6981-4E40-B971-14A26221DA85}
	EndProjectSection
EndProject
Global
	GlobalSection(TeamFoundationVersionControl) = preSolution
		SccNumberOfProjects = 3
		SccEnterpriseProvider = {4CA58AB2-18FA-4F8D-95D4-32DDF27D184C}
		SccTeamFoundationServer = https://tfs.codeplex.com/tfs/tfs01
		SccLocalPath0 = .
		SccProjectUniqueName1 = HtmlToMaml.csproj
		SccLocalPath1 = .
		SccProjectUniqueName2 = Doc\\HtmlToMamlDocs.shfbproj
		SccProjectName2 = Doc
		SccLocalPath2 = Doc
	EndGlobalSection
	GlobalSection(SolutionConfigurationPlatforms) = preSolution
		Debug|Any CPU = Debug|Any CPU
		Release|Any CPU = Release|Any CPU
	EndGlobalSection
	GlobalSection(ProjectConfigurationPlatforms) = postSolution
		{BF2A51B4-6981-4E40-B971-14A26221DA85}.Debug|Any CPU.ActiveCfg = Debug|Any CPU
		{BF2A51B4-6981-4E40-B971-14A26221DA85}.Debug|Any CPU.Build.0 = Debug|Any CPU
		{BF2A51B4-6981-4E40-B971-14A26221DA85}.Release|Any CPU.ActiveCfg = Release|Any CPU
		{BF2A51B4-6981-4E40-B971-14A26221DA85}.Release|Any CPU.Build.0 = Release|Any CPU
		{C1AB8F68-82B0-4DA3-B9EE-84703C939B66}.Debug|Any CPU.ActiveCfg = Debug|Any CPU
		{C1AB8F68-82B0-4DA3-B9EE-84703C939B66}.Release|Any CPU.ActiveCfg = Release|Any CPU
		{C1AB8F68-82B0-4DA3-B9EE-84703C939B66}.Release|Any CPU.Build.0 = Release|Any CPU
	EndGlobalSection
	GlobalSection(SolutionProperties) = preSolution
		HideSolutionNode = FALSE
	EndGlobalSection
EndGlobal
