
Microsoft Visual Studio Solution File, Format Version 11.00
# Visual Studio 2010
Project("{FAE04EC0-301F-11D3-BF4B-00C04F79EFBC}") = "XMLCommentsExamples", "XMLCommentsExamples.csproj", "{46157C34-C925-4733-8682-957F3D97345A}"
EndProject
Global
	GlobalSection(TeamFoundationVersionControl) = preSolution
		SccNumberOfProjects = 2
		SccEnterpriseProvider = {4CA58AB2-18FA-4F8D-95D4-32DDF27D184C}
		SccTeamFoundationServer = https://tfs.codeplex.com/tfs/tfs01
		SccLocalPath0 = .
		SccProjectUniqueName1 = XMLCommentsExamples.csproj
		SccLocalPath1 = .
	EndGlobalSection
	GlobalSection(SolutionConfigurationPlatforms) = preSolution
		Debug|Any CPU = Debug|Any CPU
		Release|Any CPU = Release|Any CPU
	EndGlobalSection
	GlobalSection(ProjectConfigurationPlatforms) = postSolution
		{46157C34-C925-4733-8682-957F3D97345A}.Debug|Any CPU.ActiveCfg = Debug|Any CPU
		{46157C34-C925-4733-8682-957F3D97345A}.Debug|Any CPU.Build.0 = Debug|Any CPU
		{46157C34-C925-4733-8682-957F3D97345A}.Release|Any CPU.ActiveCfg = Release|Any CPU
		{46157C34-C925-4733-8682-957F3D97345A}.Release|Any CPU.Build.0 = Release|Any CPU
	EndGlobalSection
	GlobalSection(SolutionProperties) = preSolution
		HideSolutionNode = FALSE
	EndGlobalSection
EndGlobal
