
Microsoft Visual Studio Solution File, Format Version 12.00
# Visual Studio 15
VisualStudioVersion = 15.0.26403.0
MinimumVisualStudioVersion = 10.0.40219.1
Project("{FAE04EC0-301F-11D3-BF4B-00C04F79EFBC}") = "SandcastleInstaller", "SandcastleInstaller.csproj", "{8478ED2D-DE3C-4114-BD59-937429912F05}"
EndProject
Project("{2150E333-8FDC-42A3-9474-1A3956D46DE8}") = "Solution Items", "Solution Items", "{EDB0C8E5-55F7-4E54-A17F-6C7AA4B48E0D}"
	ProjectSection(SolutionItems) = preProject
		..\.editorconfig = ..\.editorconfig
		..\SandcastleTools.ruleset = ..\SandcastleTools.ruleset
	EndProjectSection
EndProject
Global
	GlobalSection(SolutionConfigurationPlatforms) = preSolution
		Debug|Any CPU = Debug|Any CPU
		Debug|Mixed Platforms = Debug|Mixed Platforms
		Debug|x86 = Debug|x86
		Release|Any CPU = Release|Any CPU
		Release|Mixed Platforms = Release|Mixed Platforms
		Release|x86 = Release|x86
	EndGlobalSection
	GlobalSection(ProjectConfigurationPlatforms) = postSolution
		{8478ED2D-DE3C-4114-BD59-937429912F05}.Debug|Any CPU.ActiveCfg = Debug|Any CPU
		{8478ED2D-DE3C-4114-BD59-937429912F05}.Debug|Any CPU.Build.0 = Debug|Any CPU
		{8478ED2D-DE3C-4114-BD59-937429912F05}.Debug|Mixed Platforms.ActiveCfg = Debug|x86
		{8478ED2D-DE3C-4114-BD59-937429912F05}.Debug|Mixed Platforms.Build.0 = Debug|x86
		{8478ED2D-DE3C-4114-BD59-937429912F05}.Debug|x86.ActiveCfg = Debug|x86
		{8478ED2D-DE3C-4114-BD59-937429912F05}.Debug|x86.Build.0 = Debug|x86
		{8478ED2D-DE3C-4114-BD59-937429912F05}.Release|Any CPU.ActiveCfg = Release|Any CPU
		{8478ED2D-DE3C-4114-BD59-937429912F05}.Release|Any CPU.Build.0 = Release|Any CPU
		{8478ED2D-DE3C-4114-BD59-937429912F05}.Release|Mixed Platforms.ActiveCfg = Release|x86
		{8478ED2D-DE3C-4114-BD59-937429912F05}.Release|Mixed Platforms.Build.0 = Release|x86
		{8478ED2D-DE3C-4114-BD59-937429912F05}.Release|x86.ActiveCfg = Release|x86
		{8478ED2D-DE3C-4114-BD59-937429912F05}.Release|x86.Build.0 = Release|x86
	EndGlobalSection
	GlobalSection(SolutionProperties) = preSolution
		HideSolutionNode = FALSE
	EndGlobalSection
EndGlobal
