
Microsoft Visual Studio Solution File, Format Version 12.00
# Visual Studio Version 16
VisualStudioVersion = 16.0.31205.134
MinimumVisualStudioVersion = 10.0.40219.1
Project("{9A19103F-16F7-4668-BE54-9A1E7A4F7556}") = "SandcastleInstaller", "SandcastleInstaller.csproj", "{8478ED2D-DE3C-4114-BD59-937429912F05}"
EndProject
Project("{2150E333-8FDC-42A3-9474-1A3956D46DE8}") = "Solution Items", "Solution Items", "{EDB0C8E5-55F7-4E54-A17F-6C7AA4B48E0D}"
	ProjectSection(SolutionItems) = preProject
		..\.editorconfig = ..\.editorconfig
	EndProjectSection
EndProject
Global
	GlobalSection(SolutionConfigurationPlatforms) = preSolution
		Debug|Any CPU = Debug|Any CPU
		Release|Any CPU = Release|Any CPU
	EndGlobalSection
	GlobalSection(ProjectConfigurationPlatforms) = postSolution
		{8478ED2D-DE3C-4114-BD59-937429912F05}.Debug|Any CPU.ActiveCfg = Debug|Any CPU
		{8478ED2D-DE3C-4114-BD59-937429912F05}.Debug|Any CPU.Build.0 = Debug|Any CPU
		{8478ED2D-DE3C-4114-BD59-937429912F05}.Release|Any CPU.ActiveCfg = Release|Any CPU
		{8478ED2D-DE3C-4114-BD59-937429912F05}.Release|Any CPU.Build.0 = Release|Any CPU
	EndGlobalSection
	GlobalSection(SolutionProperties) = preSolution
		HideSolutionNode = FALSE
	EndGlobalSection
	GlobalSection(ExtensibilityGlobals) = postSolution
		SolutionGuid = {570A58A4-7082-4ADC-AA70-01E7F7820727}
	EndGlobalSection
EndGlobal
